<?xml version="1.0" encoding="utf-8"?>
<Project ToolsVersion="15.0" xmlns="http://schemas.microsoft.com/developer/msbuild/2003">
  <ItemGroup>
    <ClCompile Include="C:\Users\unknown\source\repos\interlunar\source\src\cml\$(Configuration)\cotire\cml_ORIGINAL_CXX_unity.cxx">
      <Filter>Source Files</Filter>
    </ClCompile>
  </ItemGroup>
  <ItemGroup>
    <ClInclude Include="C:\Users\unknown\source\repos\interlunar\source\src\cml\Include\Arena.h">
      <Filter>Header Files</Filter>
    </ClInclude>
    <ClInclude Include="C:\Users\unknown\source\repos\interlunar\source\src\cml\Include\ArrayView.h">
      <Filter>Header Files</Filter>
    </ClInclude>
    <ClInclude Include="C:\Users\unknown\source\repos\interlunar\source\src\cml\Include\CMLexicalAnalyzer.h">
      <Filter>Header Files</Filter>
    </ClInclude>
    <ClInclude Include="C:\Users\unknown\source\repos\interlunar\source\src\cml\Include\CMList.h">
      <Filter>Header Files</Filter>
    </ClInclude>
    <ClInclude Include="C:\Users\unknown\source\repos\interlunar\source\src\cml\Include\CMPtrList.h">
      <Filter>Header Files</Filter>
    </ClInclude>
    <ClInclude Include="C:\Users\unknown\source\repos\interlunar\source\src\cml\Include\CodePageConversion.h">
      <Filter>Header Files</Filter>
    </ClInclude>
    <ClInclude Include="C:\Users\unknown\source\repos\interlunar\source\src\cml\Include\FileInfo.h">
      <Filter>Header Files</Filter>
    </ClInclude>
    <ClInclude Include="C:\Users\unknown\source\repos\interlunar\source\src\cml\Include\GlobalTypes.h">
      <Filter>Header Files</Filter>
    </ClInclude>
    <ClInclude Include="C:\Users\unknown\source\repos\interlunar\source\src\cml\Include\IniParser.h">
      <Filter>Header Files</Filter>
    </ClInclude>
    <ClInclude Include="C:\Users\unknown\source\repos\interlunar\source\src\cml\Include\LibPak.h">
      <Filter>Header Files</Filter>
    </ClInclude>
    <ClInclude Include="C:\Users\unknown\source\repos\interlunar\source\src\cml\Include\MArchive.h">
      <Filter>Header Files</Filter>
    </ClInclude>
    <ClInclude Include="C:\Users\unknown\source\repos\interlunar\source\src\cml\Include\MAsyncHttp.h">
      <Filter>Header Files</Filter>
    </ClInclude>
    <ClInclude Include="C:\Users\unknown\source\repos\interlunar\source\src\cml\Include\MBlobArray.h">
      <Filter>Header Files</Filter>
    </ClInclude>
    <ClInclude Include="C:\Users\unknown\source\repos\interlunar\source\src\cml\Include\MCRC32.h">
      <Filter>Header Files</Filter>
    </ClInclude>
    <ClInclude Include="C:\Users\unknown\source\repos\interlunar\source\src\cml\Include\MChunkReWriter.h">
      <Filter>Header Files</Filter>
    </ClInclude>
    <ClInclude Include="C:\Users\unknown\source\repos\interlunar\source\src\cml\Include\MClipboard.h">
      <Filter>Header Files</Filter>
    </ClInclude>
    <ClInclude Include="C:\Users\unknown\source\repos\interlunar\source\src\cml\Include\MCrashDump.h">
      <Filter>Header Files</Filter>
    </ClInclude>
    <ClInclude Include="C:\Users\unknown\source\repos\interlunar\source\src\cml\Include\MCsvParser.h">
      <Filter>Header Files</Filter>
    </ClInclude>
    <ClInclude Include="C:\Users\unknown\source\repos\interlunar\source\src\cml\Include\MDataChecker.h">
      <Filter>Header Files</Filter>
    </ClInclude>
    <ClInclude Include="C:\Users\unknown\source\repos\interlunar\source\src\cml\Include\MDebug.h">
      <Filter>Header Files</Filter>
    </ClInclude>
    <ClInclude Include="C:\Users\unknown\source\repos\interlunar\source\src\cml\Include\MDebugNew.h">
      <Filter>Header Files</Filter>
    </ClInclude>
    <ClInclude Include="C:\Users\unknown\source\repos\interlunar\source\src\cml\Include\MFile.h">
      <Filter>Header Files</Filter>
    </ClInclude>
    <ClInclude Include="C:\Users\unknown\source\repos\interlunar\source\src\cml\Include\MHash.h">
      <Filter>Header Files</Filter>
    </ClInclude>
    <ClInclude Include="C:\Users\unknown\source\repos\interlunar\source\src\cml\Include\MHttpSpooler.h">
      <Filter>Header Files</Filter>
    </ClInclude>
    <ClInclude Include="C:\Users\unknown\source\repos\interlunar\source\src\cml\Include\MInet.h">
      <Filter>Header Files</Filter>
    </ClInclude>
    <ClInclude Include="C:\Users\unknown\source\repos\interlunar\source\src\cml\Include\MInetUtil.h">
      <Filter>Header Files</Filter>
    </ClInclude>
    <ClInclude Include="C:\Users\unknown\source\repos\interlunar\source\src\cml\Include\MLex.h">
      <Filter>Header Files</Filter>
    </ClInclude>
    <ClInclude Include="C:\Users\unknown\source\repos\interlunar\source\src\cml\Include\MListSTL.h">
      <Filter>Header Files</Filter>
    </ClInclude>
    <ClInclude Include="C:\Users\unknown\source\repos\interlunar\source\src\cml\Include\MLocale.h">
      <Filter>Header Files</Filter>
    </ClInclude>
    <ClInclude Include="C:\Users\unknown\source\repos\interlunar\source\src\cml\Include\MMath.h">
      <Filter>Header Files</Filter>
    </ClInclude>
    <ClInclude Include="C:\Users\unknown\source\repos\interlunar\source\src\cml\Include\MMatrix.h">
      <Filter>Header Files</Filter>
    </ClInclude>
    <ClInclude Include="C:\Users\unknown\source\repos\interlunar\source\src\cml\Include\MPageArray.h">
      <Filter>Header Files</Filter>
    </ClInclude>
    <ClInclude Include="C:\Users\unknown\source\repos\interlunar\source\src\cml\Include\MPdb.h">
      <Filter>Header Files</Filter>
    </ClInclude>
    <ClInclude Include="C:\Users\unknown\source\repos\interlunar\source\src\cml\Include\MPlane.h">
      <Filter>Header Files</Filter>
    </ClInclude>
    <ClInclude Include="C:\Users\unknown\source\repos\interlunar\source\src\cml\Include\MProcess.h">
      <Filter>Header Files</Filter>
    </ClInclude>
    <ClInclude Include="C:\Users\unknown\source\repos\interlunar\source\src\cml\Include\MProcessController.h">
      <Filter>Header Files</Filter>
    </ClInclude>
    <ClInclude Include="C:\Users\unknown\source\repos\interlunar\source\src\cml\Include\MProfiler.h">
      <Filter>Header Files</Filter>
    </ClInclude>
    <ClInclude Include="C:\Users\unknown\source\repos\interlunar\source\src\cml\Include\MQuat.h">
      <Filter>Header Files</Filter>
    </ClInclude>
    <ClInclude Include="C:\Users\unknown\source\repos\interlunar\source\src\cml\Include\MRTTI.h">
      <Filter>Header Files</Filter>
    </ClInclude>
    <ClInclude Include="C:\Users\unknown\source\repos\interlunar\source\src\cml\Include\MRegistry.h">
      <Filter>Header Files</Filter>
    </ClInclude>
    <ClInclude Include="C:\Users\unknown\source\repos\interlunar\source\src\cml\Include\MSingleton.h">
      <Filter>Header Files</Filter>
    </ClInclude>
    <ClInclude Include="C:\Users\unknown\source\repos\interlunar\source\src\cml\Include\MSmartRefresh.h">
      <Filter>Header Files</Filter>
    </ClInclude>
    <ClInclude Include="C:\Users\unknown\source\repos\interlunar\source\src\cml\Include\MSocket.h">
      <Filter>Header Files</Filter>
    </ClInclude>
    <ClInclude Include="C:\Users\unknown\source\repos\interlunar\source\src\cml\Include\MStateMachine.h">
      <Filter>Header Files</Filter>
    </ClInclude>
    <ClInclude Include="C:\Users\unknown\source\repos\interlunar\source\src\cml\Include\MStrEx.h">
      <Filter>Header Files</Filter>
    </ClInclude>
    <ClInclude Include="C:\Users\unknown\source\repos\interlunar\source\src\cml\Include\MSync.h">
      <Filter>Header Files</Filter>
    </ClInclude>
    <ClInclude Include="C:\Users\unknown\source\repos\interlunar\source\src\cml\Include\MThread.h">
      <Filter>Header Files</Filter>
    </ClInclude>
    <ClInclude Include="C:\Users\unknown\source\repos\interlunar\source\src\cml\Include\MTime.h">
      <Filter>Header Files</Filter>
    </ClInclude>
    <ClInclude Include="C:\Users\unknown\source\repos\interlunar\source\src\cml\Include\MTraceMemory.h">
      <Filter>Header Files</Filter>
    </ClInclude>
    <ClInclude Include="C:\Users\unknown\source\repos\interlunar\source\src\cml\Include\MTrafficLog.h">
      <Filter>Header Files</Filter>
    </ClInclude>
    <ClInclude Include="C:\Users\unknown\source\repos\interlunar\source\src\cml\Include\MTypes.h">
      <Filter>Header Files</Filter>
    </ClInclude>
    <ClInclude Include="C:\Users\unknown\source\repos\interlunar\source\src\cml\Include\MUrl.h">
      <Filter>Header Files</Filter>
    </ClInclude>
    <ClInclude Include="C:\Users\unknown\source\repos\interlunar\source\src\cml\Include\MUtil.h">
      <Filter>Header Files</Filter>
    </ClInclude>
    <ClInclude Include="C:\Users\unknown\source\repos\interlunar\source\src\cml\Include\MVK.h">
      <Filter>Header Files</Filter>
    </ClInclude>
    <ClInclude Include="C:\Users\unknown\source\repos\interlunar\source\src\cml\Include\MVector3.h">
      <Filter>Header Files</Filter>
    </ClInclude>
    <ClInclude Include="C:\Users\unknown\source\repos\interlunar\source\src\cml\Include\MWindows.h">
      <Filter>Header Files</Filter>
    </ClInclude>
    <ClInclude Include="C:\Users\unknown\source\repos\interlunar\source\src\cml\Include\MWindowsFwd.h">
      <Filter>Header Files</Filter>
    </ClInclude>
    <ClInclude Include="C:\Users\unknown\source\repos\interlunar\source\src\cml\Include\MXml.h">
      <Filter>Header Files</Filter>
    </ClInclude>
    <ClInclude Include="C:\Users\unknown\source\repos\interlunar\source\src\cml\Include\MZFile.h">
      <Filter>Header Files</Filter>
    </ClInclude>
    <ClInclude Include="C:\Users\unknown\source\repos\interlunar\source\src\cml\Include\MZFileSystem.h">
      <Filter>Header Files</Filter>
    </ClInclude>
    <ClInclude Include="C:\Users\unknown\source\repos\interlunar\source\src\cml\Include\MZip.h">
      <Filter>Header Files</Filter>
    </ClInclude>
    <ClInclude Include="C:\Users\unknown\source\repos\interlunar\source\src\cml\Include\MemPool.h">
      <Filter>Header Files</Filter>
    </ClInclude>
    <ClInclude Include="C:\Users\unknown\source\repos\interlunar\source\src\cml\Include\MultiVector.h">
      <Filter>Header Files</Filter>
    </ClInclude>
    <ClInclude Include="C:\Users\unknown\source\repos\interlunar\source\src\cml\Include\RingBuffer.h">
      <Filter>Header Files</Filter>
    </ClInclude>
    <ClInclude Include="C:\Users\unknown\source\repos\interlunar\source\src\cml\Include\SafeString.h">
      <Filter>Header Files</Filter>
    </ClInclude>
    <ClInclude Include="C:\Users\unknown\source\repos\interlunar\source\src\cml\Include\StringView.h">
      <Filter>Header Files</Filter>
    </ClInclude>
    <ClInclude Include="C:\Users\unknown\source\repos\interlunar\source\src\cml\Include\TMP.h">
      <Filter>Header Files</Filter>
    </ClInclude>
    <ClInclude Include="C:\Users\unknown\source\repos\interlunar\source\src\cml\Include\VariantPolymorphism.h">
      <Filter>Header Files</Filter>
    </ClInclude>
    <ClInclude Include="C:\Users\unknown\source\repos\interlunar\source\src\cml\Include\apply.h">
      <Filter>Header Files</Filter>
    </ClInclude>
    <ClInclude Include="C:\Users\unknown\source\repos\interlunar\source\src\cml\Include\defer.h">
      <Filter>Header Files</Filter>
    </ClInclude>
    <ClInclude Include="C:\Users\unknown\source\repos\interlunar\source\src\cml\Include\function_view.h">
      <Filter>Header Files</Filter>
    </ClInclude>
    <ClInclude Include="C:\Users\unknown\source\repos\interlunar\source\src\cml\Include\has_xxx.h">
      <Filter>Header Files</Filter>
    </ClInclude>
    <ClInclude Include="C:\Users\unknown\source\repos\interlunar\source\src\cml\Include\hsv.h">
      <Filter>Header Files</Filter>
    </ClInclude>
    <ClInclude Include="C:\Users\unknown\source\repos\interlunar\source\src\cml\Include\optional.h">
      <Filter>Header Files</Filter>
    </ClInclude>
    <ClInclude Include="C:\Users\unknown\source\repos\interlunar\source\src\cml\Include\overload.h">
      <Filter>Header Files</Filter>
    </ClInclude>
    <ClInclude Include="C:\Users\unknown\source\repos\interlunar\source\src\cml\Include\reinterpret.h">
      <Filter>Header Files</Filter>
    </ClInclude>
    <ClInclude Include="C:\Users\unknown\source\repos\interlunar\source\src\cml\Include\targetver.h">
      <Filter>Header Files</Filter>
    </ClInclude>
    <ClInclude Include="C:\Users\unknown\source\repos\interlunar\source\src\cml\Include\variant.h">
      <Filter>Header Files</Filter>
    </ClInclude>
    <ClInclude Include="C:\Users\unknown\source\repos\interlunar\source\src\cml\Include\zlib_util.h">
      <Filter>Header Files</Filter>
    </ClInclude>
  </ItemGroup>
  <ItemGroup>
    <CustomBuild Include="C:\Users\unknown\source\repos\interlunar\source\src\CMakeFiles\47c7f58459400357a6bbc8c6a39c4c35\cml_ORIGINAL_CXX_unity.cxx.rule">
      <Filter>CMake Rules</Filter>
    </CustomBuild>
    <CustomBuild Include="C:\Users\unknown\source\repos\interlunar\source\src\cml\CMakeLists.txt" />
  </ItemGroup>
  <ItemGroup>
    <Filter Include="CMake Rules">
      <UniqueIdentifier>{893E32C1-968A-3C61-BDF3-DCB5EA867E2D}</UniqueIdentifier>
    </Filter>
    <Filter Include="Header Files">
      <UniqueIdentifier>{338F6DEC-C651-36F5-B56C-6888F38DCAA2}</UniqueIdentifier>
    </Filter>
    <Filter Include="Source Files">
      <UniqueIdentifier>{C0EF28A1-DDBC-3A41-B1B9-C3DED58692F5}</UniqueIdentifier>
    </Filter>
  </ItemGroup>
</Project>
