<?xml version="1.0" encoding="utf-8"?>
<Project ToolsVersion="15.0" xmlns="http://schemas.microsoft.com/developer/msbuild/2003">
  <ItemGroup>
    <ClCompile Include="C:\Users\unknown\source\repos\interlunar\source\src\SafeUDP\$(Configuration)\cotire\SafeUDP_ORIGINAL_CXX_unity.cxx">
      <Filter>Source Files</Filter>
    </ClCompile>
  </ItemGroup>
  <ItemGroup>
    <ClInclude Include="C:\Users\unknown\source\repos\interlunar\source\src\SafeUDP\Include\MBasePacket.h">
      <Filter>Header Files</Filter>
    </ClInclude>
    <ClInclude Include="C:\Users\unknown\source\repos\interlunar\source\src\SafeUDP\Include\MSafeUDP.h">
      <Filter>Header Files</Filter>
    </ClInclude>
  </ItemGroup>
  <ItemGroup>
    <CustomBuild Include="C:\Users\unknown\source\repos\interlunar\source\src\CMakeFiles\60a281fbfb6b3e2092c0e0d4693316c6\SafeUDP_ORIGINAL_CXX_unity.cxx.rule">
      <Filter>CMake Rules</Filter>
    </CustomBuild>
    <CustomBuild Include="C:\Users\unknown\source\repos\interlunar\source\src\SafeUDP\CMakeLists.txt" />
  </ItemGroup>
  <ItemGroup>
    <Filter Include="CMake Rules">
      <UniqueIdentifier>{893E32C1-968A-3C61-BDF3-DCB5EA867E2D}</UniqueIdentifier>
    </Filter>
    <Filter Include="Header Files">
      <UniqueIdentifier>{338F6DEC-C651-36F5-B56C-6888F38DCAA2}</UniqueIdentifier>
    </Filter>
    <Filter Include="Source Files">
      <UniqueIdentifier>{C0EF28A1-DDBC-3A41-B1B9-C3DED58692F5}</UniqueIdentifier>
    </Filter>
  </ItemGroup>
</Project>
