Microsoft Visual Studio Solution File, Format Version 8.00
Project("{8BC9CEB8-8B4A-11D0-8D11-00A0C91BC942}") = "BspExporter", "BspExporter.vcproj", "{36546EB1-AFC5-4400-82B3-C806B4481DD8}"
	ProjectSection(ProjectDependencies) = postProject
		{8D451493-65C2-49C3-ADAE-ACB17E6B0650} = {8D451493-65C2-49C3-ADAE-ACB17E6B0650}
		{68FD6FF4-464A-4484-B397-0DFCC060B773} = {68FD6FF4-464A-4484-B397-0DFCC060B773}
	EndProjectSection
EndProject
Project("{8BC9CEB8-8B4A-11D0-8D11-00A0C91BC942}") = "cml", "..\..\CML\cml.vcproj", "{8D451493-65C2-49C3-ADAE-ACB17E6B0650}"
	ProjectSection(ProjectDependencies) = postProject
	EndProjectSection
EndProject
Project("{8BC9CEB8-8B4A-11D0-8D11-00A0C91BC942}") = "RealSpace2", "..\..\RealSpace2\RealSpace2.vcproj", "{68FD6FF4-464A-4484-B397-0DFCC060B773}"
	ProjectSection(ProjectDependencies) = postProject
	EndProjectSection
EndProject
Global
	GlobalSection(SolutionConfiguration) = preSolution
		Debug = Debug
		Release = Release
		Release_publish = Release_publish
	EndGlobalSection
	GlobalSection(ProjectConfiguration) = postSolution
		{36546EB1-AFC5-4400-82B3-C806B4481DD8}.Debug.ActiveCfg = Debug|Win32
		{36546EB1-AFC5-4400-82B3-C806B4481DD8}.Debug.Build.0 = Debug|Win32
		{36546EB1-AFC5-4400-82B3-C806B4481DD8}.Release.ActiveCfg = Release|Win32
		{36546EB1-AFC5-4400-82B3-C806B4481DD8}.Release.Build.0 = Release|Win32
		{36546EB1-AFC5-4400-82B3-C806B4481DD8}.Release_publish.ActiveCfg = Release|Win32
		{36546EB1-AFC5-4400-82B3-C806B4481DD8}.Release_publish.Build.0 = Release|Win32
		{8D451493-65C2-49C3-ADAE-ACB17E6B0650}.Debug.ActiveCfg = Debug|Win32
		{8D451493-65C2-49C3-ADAE-ACB17E6B0650}.Debug.Build.0 = Debug|Win32
		{8D451493-65C2-49C3-ADAE-ACB17E6B0650}.Release.ActiveCfg = Release|Win32
		{8D451493-65C2-49C3-ADAE-ACB17E6B0650}.Release.Build.0 = Release|Win32
		{8D451493-65C2-49C3-ADAE-ACB17E6B0650}.Release_publish.ActiveCfg = Release_publish|Win32
		{8D451493-65C2-49C3-ADAE-ACB17E6B0650}.Release_publish.Build.0 = Release_publish|Win32
		{68FD6FF4-464A-4484-B397-0DFCC060B773}.Debug.ActiveCfg = Debug|Win32
		{68FD6FF4-464A-4484-B397-0DFCC060B773}.Debug.Build.0 = Debug|Win32
		{68FD6FF4-464A-4484-B397-0DFCC060B773}.Release.ActiveCfg = Release|Win32
		{68FD6FF4-464A-4484-B397-0DFCC060B773}.Release.Build.0 = Release|Win32
		{68FD6FF4-464A-4484-B397-0DFCC060B773}.Release_publish.ActiveCfg = Release_publish|Win32
		{68FD6FF4-464A-4484-B397-0DFCC060B773}.Release_publish.Build.0 = Release_publish|Win32
	EndGlobalSection
	GlobalSection(ExtensibilityGlobals) = postSolution
	EndGlobalSection
	GlobalSection(ExtensibilityAddIns) = postSolution
	EndGlobalSection
EndGlobal
