<?xml version="1.0" encoding="utf-8"?>
<Project ToolsVersion="15.0" xmlns="http://schemas.microsoft.com/developer/msbuild/2003">
  <ItemGroup>
    <ClCompile Include="C:\Users\unknown\source\repos\interlunar\source\src\MatchServer\ChildFrm.cpp">
      <Filter>Source Files</Filter>
    </ClCompile>
    <ClCompile Include="C:\Users\unknown\source\repos\interlunar\source\src\MatchServer\CommandLogView.cpp">
      <Filter>Source Files</Filter>
    </ClCompile>
    <ClCompile Include="C:\Users\unknown\source\repos\interlunar\source\src\MatchServer\ConsoleBar.cpp">
      <Filter>Source Files</Filter>
    </ClCompile>
    <ClCompile Include="C:\Users\unknown\source\repos\interlunar\source\src\MatchServer\DBQuestCachingData.cpp">
      <Filter>Source Files</Filter>
    </ClCompile>
    <ClCompile Include="C:\Users\unknown\source\repos\interlunar\source\src\MatchServer\ExceptionAttacher.cpp">
      <Filter>Source Files</Filter>
    </ClCompile>
    <ClCompile Include="C:\Users\unknown\source\repos\interlunar\source\src\MatchServer\GunGame.cpp">
      <Filter>Source Files</Filter>
    </ClCompile>
    <ClCompile Include="C:\Users\unknown\source\repos\interlunar\source\src\MatchServer\LagCompensation.cpp">
      <Filter>Source Files</Filter>
    </ClCompile>
    <ClCompile Include="C:\Users\unknown\source\repos\interlunar\source\src\MatchServer\MAsyncDBJob.cpp">
      <Filter>Source Files</Filter>
    </ClCompile>
    <ClCompile Include="C:\Users\unknown\source\repos\interlunar\source\src\MatchServer\MAsyncDBJob_BringAccountItem.cpp">
      <Filter>Source Files</Filter>
    </ClCompile>
    <ClCompile Include="C:\Users\unknown\source\repos\interlunar\source\src\MatchServer\MAsyncDBJob_CharFinalize.cpp">
      <Filter>Source Files</Filter>
    </ClCompile>
    <ClCompile Include="C:\Users\unknown\source\repos\interlunar\source\src\MatchServer\MAsyncDBJob_Event.cpp">
      <Filter>Source Files</Filter>
    </ClCompile>
    <ClCompile Include="C:\Users\unknown\source\repos\interlunar\source\src\MatchServer\MAsyncDBJob_FriendList.cpp">
      <Filter>Source Files</Filter>
    </ClCompile>
    <ClCompile Include="C:\Users\unknown\source\repos\interlunar\source\src\MatchServer\MAsyncDBJob_GetLoginInfo.cpp">
      <Filter>Source Files</Filter>
    </ClCompile>
    <ClCompile Include="C:\Users\unknown\source\repos\interlunar\source\src\MatchServer\MAsyncDBJob_InsertConnLog.cpp">
      <Filter>Source Files</Filter>
    </ClCompile>
    <ClCompile Include="C:\Users\unknown\source\repos\interlunar\source\src\MatchServer\MAsyncDBJob_UpdateCharInfoData.cpp">
      <Filter>Source Files</Filter>
    </ClCompile>
    <ClCompile Include="C:\Users\unknown\source\repos\interlunar\source\src\MatchServer\MAsyncDBJob_WinTheClanGame.cpp">
      <Filter>Source Files</Filter>
    </ClCompile>
    <ClCompile Include="C:\Users\unknown\source\repos\interlunar\source\src\MatchServer\MAsyncProxy.cpp">
      <Filter>Source Files</Filter>
    </ClCompile>
    <ClCompile Include="C:\Users\unknown\source\repos\interlunar\source\src\MatchServer\MBMatchServer.cpp">
      <Filter>Source Files</Filter>
    </ClCompile>
    <ClCompile Include="C:\Users\unknown\source\repos\interlunar\source\src\MatchServer\MBMatchServerConfigReloader.cpp">
      <Filter>Source Files</Filter>
    </ClCompile>
    <ClCompile Include="C:\Users\unknown\source\repos\interlunar\source\src\MatchServer\MBMatchServer_Input.cpp">
      <Filter>Source Files</Filter>
    </ClCompile>
    <ClCompile Include="C:\Users\unknown\source\repos\interlunar\source\src\MatchServer\MBMatchServer_OnCommand.cpp">
      <Filter>Source Files</Filter>
    </ClCompile>
    <ClCompile Include="C:\Users\unknown\source\repos\interlunar\source\src\MatchServer\MBMatchServer_ServerKeeper.cpp">
      <Filter>Source Files</Filter>
    </ClCompile>
    <ClCompile Include="C:\Users\unknown\source\repos\interlunar\source\src\MatchServer\MLadderMgr.cpp">
      <Filter>Source Files</Filter>
    </ClCompile>
    <ClCompile Include="C:\Users\unknown\source\repos\interlunar\source\src\MatchServer\MLadderPicker.cpp">
      <Filter>Source Files</Filter>
    </ClCompile>
    <ClCompile Include="C:\Users\unknown\source\repos\interlunar\source\src\MatchServer\MMatchAdmin.cpp">
      <Filter>Source Files</Filter>
    </ClCompile>
    <ClCompile Include="C:\Users\unknown\source\repos\interlunar\source\src\MatchServer\MMatchAntiHack.cpp">
      <Filter>Source Files</Filter>
    </ClCompile>
    <ClCompile Include="C:\Users\unknown\source\repos\interlunar\source\src\MatchServer\MMatchChannel.cpp">
      <Filter>Source Files</Filter>
    </ClCompile>
    <ClCompile Include="C:\Users\unknown\source\repos\interlunar\source\src\MatchServer\MMatchChannelRule.cpp">
      <Filter>Source Files</Filter>
    </ClCompile>
    <ClCompile Include="C:\Users\unknown\source\repos\interlunar\source\src\MatchServer\MMatchChatRoom.cpp">
      <Filter>Source Files</Filter>
    </ClCompile>
    <ClCompile Include="C:\Users\unknown\source\repos\interlunar\source\src\MatchServer\MMatchClan.cpp">
      <Filter>Source Files</Filter>
    </ClCompile>
    <ClCompile Include="C:\Users\unknown\source\repos\interlunar\source\src\MatchServer\MMatchConfig.cpp">
      <Filter>Source Files</Filter>
    </ClCompile>
    <ClCompile Include="C:\Users\unknown\source\repos\interlunar\source\src\MatchServer\MMatchDBFilter.cpp">
      <Filter>Source Files</Filter>
    </ClCompile>
    <ClCompile Include="C:\Users\unknown\source\repos\interlunar\source\src\MatchServer\MMatchEvent.cpp">
      <Filter>Source Files</Filter>
    </ClCompile>
    <ClCompile Include="C:\Users\unknown\source\repos\interlunar\source\src\MatchServer\MMatchEventFactory.cpp">
      <Filter>Source Files</Filter>
    </ClCompile>
    <ClCompile Include="C:\Users\unknown\source\repos\interlunar\source\src\MatchServer\MMatchEventManager.cpp">
      <Filter>Source Files</Filter>
    </ClCompile>
    <ClCompile Include="C:\Users\unknown\source\repos\interlunar\source\src\MatchServer\MMatchFormula.cpp">
      <Filter>Source Files</Filter>
    </ClCompile>
    <ClCompile Include="C:\Users\unknown\source\repos\interlunar\source\src\MatchServer\MMatchFriendInfo.cpp">
      <Filter>Source Files</Filter>
    </ClCompile>
    <ClCompile Include="C:\Users\unknown\source\repos\interlunar\source\src\MatchServer\MMatchLocale.cpp">
      <Filter>Source Files</Filter>
    </ClCompile>
    <ClCompile Include="C:\Users\unknown\source\repos\interlunar\source\src\MatchServer\MMatchMission.cpp">
      <Filter>Source Files</Filter>
    </ClCompile>
    <ClCompile Include="C:\Users\unknown\source\repos\interlunar\source\src\MatchServer\MMatchNPCObject.cpp">
      <Filter>Source Files</Filter>
    </ClCompile>
    <ClCompile Include="C:\Users\unknown\source\repos\interlunar\source\src\MatchServer\MMatchObject.cpp">
      <Filter>Source Files</Filter>
    </ClCompile>
    <ClCompile Include="C:\Users\unknown\source\repos\interlunar\source\src\MatchServer\MMatchObjectCacheBuilder.cpp">
      <Filter>Source Files</Filter>
    </ClCompile>
    <ClCompile Include="C:\Users\unknown\source\repos\interlunar\source\src\MatchServer\MMatchPremiumIPCache.cpp">
      <Filter>Source Files</Filter>
    </ClCompile>
    <ClCompile Include="C:\Users\unknown\source\repos\interlunar\source\src\MatchServer\MMatchQuest.cpp">
      <Filter>Source Files</Filter>
    </ClCompile>
    <ClCompile Include="C:\Users\unknown\source\repos\interlunar\source\src\MatchServer\MMatchQuestGameLog.cpp">
      <Filter>Source Files</Filter>
    </ClCompile>
    <ClCompile Include="C:\Users\unknown\source\repos\interlunar\source\src\MatchServer\MMatchQuestMonsterGroup.cpp">
      <Filter>Source Files</Filter>
    </ClCompile>
    <ClCompile Include="C:\Users\unknown\source\repos\interlunar\source\src\MatchServer\MMatchQuestRound.cpp">
      <Filter>Source Files</Filter>
    </ClCompile>
    <ClCompile Include="C:\Users\unknown\source\repos\interlunar\source\src\MatchServer\MMatchRule.cpp">
      <Filter>Source Files</Filter>
    </ClCompile>
    <ClCompile Include="C:\Users\unknown\source\repos\interlunar\source\src\MatchServer\MMatchRuleAssassinate.cpp">
      <Filter>Source Files</Filter>
    </ClCompile>
    <ClCompile Include="C:\Users\unknown\source\repos\interlunar\source\src\MatchServer\MMatchRuleBaseQuest.cpp">
      <Filter>Source Files</Filter>
    </ClCompile>
    <ClCompile Include="C:\Users\unknown\source\repos\interlunar\source\src\MatchServer\MMatchRuleBerserker.cpp">
      <Filter>Source Files</Filter>
    </ClCompile>
    <ClCompile Include="C:\Users\unknown\source\repos\interlunar\source\src\MatchServer\MMatchRuleDeathMatch.cpp">
      <Filter>Source Files</Filter>
    </ClCompile>
    <ClCompile Include="C:\Users\unknown\source\repos\interlunar\source\src\MatchServer\MMatchRuleDuel.cpp">
      <Filter>Source Files</Filter>
    </ClCompile>
    <ClCompile Include="C:\Users\unknown\source\repos\interlunar\source\src\MatchServer\MMatchRuleGladiator.cpp">
      <Filter>Source Files</Filter>
    </ClCompile>
    <ClCompile Include="C:\Users\unknown\source\repos\interlunar\source\src\MatchServer\MMatchRuleGunGame.cpp">
      <Filter>Source Files</Filter>
    </ClCompile>
    <ClCompile Include="C:\Users\unknown\source\repos\interlunar\source\src\MatchServer\MMatchRuleQuest.cpp">
      <Filter>Source Files</Filter>
    </ClCompile>
    <ClCompile Include="C:\Users\unknown\source\repos\interlunar\source\src\MatchServer\MMatchRuleSkillmap.cpp">
      <Filter>Source Files</Filter>
    </ClCompile>
    <ClCompile Include="C:\Users\unknown\source\repos\interlunar\source\src\MatchServer\MMatchRuleSurvival.cpp">
      <Filter>Source Files</Filter>
    </ClCompile>
    <ClCompile Include="C:\Users\unknown\source\repos\interlunar\source\src\MatchServer\MMatchRuleTraining.cpp">
      <Filter>Source Files</Filter>
    </ClCompile>
    <ClCompile Include="C:\Users\unknown\source\repos\interlunar\source\src\MatchServer\MMatchSchedule.cpp">
      <Filter>Source Files</Filter>
    </ClCompile>
    <ClCompile Include="C:\Users\unknown\source\repos\interlunar\source\src\MatchServer\MMatchServer.cpp">
      <Filter>Source Files</Filter>
    </ClCompile>
    <ClCompile Include="C:\Users\unknown\source\repos\interlunar\source\src\MatchServer\MMatchServer_Admin.cpp">
      <Filter>Source Files</Filter>
    </ClCompile>
    <ClCompile Include="C:\Users\unknown\source\repos\interlunar\source\src\MatchServer\MMatchServer_Agent.cpp">
      <Filter>Source Files</Filter>
    </ClCompile>
    <ClCompile Include="C:\Users\unknown\source\repos\interlunar\source\src\MatchServer\MMatchServer_Async.cpp">
      <Filter>Source Files</Filter>
    </ClCompile>
    <ClCompile Include="C:\Users\unknown\source\repos\interlunar\source\src\MatchServer\MMatchServer_Channel.cpp">
      <Filter>Source Files</Filter>
    </ClCompile>
    <ClCompile Include="C:\Users\unknown\source\repos\interlunar\source\src\MatchServer\MMatchServer_Char.cpp">
      <Filter>Source Files</Filter>
    </ClCompile>
    <ClCompile Include="C:\Users\unknown\source\repos\interlunar\source\src\MatchServer\MMatchServer_Clan.cpp">
      <Filter>Source Files</Filter>
    </ClCompile>
    <ClCompile Include="C:\Users\unknown\source\repos\interlunar\source\src\MatchServer\MMatchServer_Item.cpp">
      <Filter>Source Files</Filter>
    </ClCompile>
    <ClCompile Include="C:\Users\unknown\source\repos\interlunar\source\src\MatchServer\MMatchServer_Ladder.cpp">
      <Filter>Source Files</Filter>
    </ClCompile>
    <ClCompile Include="C:\Users\unknown\source\repos\interlunar\source\src\MatchServer\MMatchServer_Login.cpp">
      <Filter>Source Files</Filter>
    </ClCompile>
    <ClCompile Include="C:\Users\unknown\source\repos\interlunar\source\src\MatchServer\MMatchServer_OnCommand.cpp">
      <Filter>Source Files</Filter>
    </ClCompile>
    <ClCompile Include="C:\Users\unknown\source\repos\interlunar\source\src\MatchServer\MMatchServer_Quest.cpp">
      <Filter>Source Files</Filter>
    </ClCompile>
    <ClCompile Include="C:\Users\unknown\source\repos\interlunar\source\src\MatchServer\MMatchServer_Schedule.cpp">
      <Filter>Source Files</Filter>
    </ClCompile>
    <ClCompile Include="C:\Users\unknown\source\repos\interlunar\source\src\MatchServer\MMatchServer_Stage.cpp">
      <Filter>Source Files</Filter>
    </ClCompile>
    <ClCompile Include="C:\Users\unknown\source\repos\interlunar\source\src\MatchServer\MMatchShop.cpp">
      <Filter>Source Files</Filter>
    </ClCompile>
    <ClCompile Include="C:\Users\unknown\source\repos\interlunar\source\src\MatchServer\MMatchShutdown.cpp">
      <Filter>Source Files</Filter>
    </ClCompile>
    <ClCompile Include="C:\Users\unknown\source\repos\interlunar\source\src\MatchServer\MMatchStage.cpp">
      <Filter>Source Files</Filter>
    </ClCompile>
    <ClCompile Include="C:\Users\unknown\source\repos\interlunar\source\src\MatchServer\MMatchStatus.cpp">
      <Filter>Source Files</Filter>
    </ClCompile>
    <ClCompile Include="C:\Users\unknown\source\repos\interlunar\source\src\MatchServer\MMatchWorldItem.cpp">
      <Filter>Source Files</Filter>
    </ClCompile>
    <ClCompile Include="C:\Users\unknown\source\repos\interlunar\source\src\MatchServer\MNJ_DBAgentClient.cpp">
      <Filter>Source Files</Filter>
    </ClCompile>
    <ClCompile Include="C:\Users\unknown\source\repos\interlunar\source\src\MatchServer\MQuestLevel.cpp">
      <Filter>Source Files</Filter>
    </ClCompile>
    <ClCompile Include="C:\Users\unknown\source\repos\interlunar\source\src\MatchServer\MQuestLevelGenerator.cpp">
      <Filter>Source Files</Filter>
    </ClCompile>
    <ClCompile Include="C:\Users\unknown\source\repos\interlunar\source\src\MatchServer\MQuestNPCSpawnTrigger.cpp">
      <Filter>Source Files</Filter>
    </ClCompile>
    <ClCompile Include="C:\Users\unknown\source\repos\interlunar\source\src\MatchServer\MQuestPlayer.cpp">
      <Filter>Source Files</Filter>
    </ClCompile>
    <ClCompile Include="C:\Users\unknown\source\repos\interlunar\source\src\MatchServer\MQuestScenario.cpp">
      <Filter>Source Files</Filter>
    </ClCompile>
    <ClCompile Include="C:\Users\unknown\source\repos\interlunar\source\src\MatchServer\MSacrificeQItemTable.cpp">
      <Filter>Source Files</Filter>
    </ClCompile>
    <ClCompile Include="C:\Users\unknown\source\repos\interlunar\source\src\MatchServer\MSmartRefreshImpl.cpp">
      <Filter>Source Files</Filter>
    </ClCompile>
    <ClCompile Include="C:\Users\unknown\source\repos\interlunar\source\src\MatchServer\MTeamGameStrategy.cpp">
      <Filter>Source Files</Filter>
    </ClCompile>
    <ClCompile Include="C:\Users\unknown\source\repos\interlunar\source\src\MatchServer\MVoteDiscussImpl.cpp">
      <Filter>Source Files</Filter>
    </ClCompile>
    <ClCompile Include="C:\Users\unknown\source\repos\interlunar\source\src\MatchServer\MVoteMgr.cpp">
      <Filter>Source Files</Filter>
    </ClCompile>
    <ClCompile Include="C:\Users\unknown\source\repos\interlunar\source\src\MatchServer\MainFrm.cpp">
      <Filter>Source Files</Filter>
    </ClCompile>
    <ClCompile Include="C:\Users\unknown\source\repos\interlunar\source\src\MatchServer\MatchServer.cpp">
      <Filter>Source Files</Filter>
    </ClCompile>
    <ClCompile Include="C:\Users\unknown\source\repos\interlunar\source\src\MatchServer\MatchServerDoc.cpp">
      <Filter>Source Files</Filter>
    </ClCompile>
    <ClCompile Include="C:\Users\unknown\source\repos\interlunar\source\src\MatchServer\MatchServerView.cpp">
      <Filter>Source Files</Filter>
    </ClCompile>
    <ClCompile Include="C:\Users\unknown\source\repos\interlunar\source\src\MatchServer\MovingWeaponManager.cpp">
      <Filter>Source Files</Filter>
    </ClCompile>
    <ClCompile Include="C:\Users\unknown\source\repos\interlunar\source\src\MatchServer\OutputView.cpp">
      <Filter>Source Files</Filter>
    </ClCompile>
    <ClCompile Include="C:\Users\unknown\source\repos\interlunar\source\src\MatchServer\SQLiteDatabase.cpp">
      <Filter>Source Files</Filter>
    </ClCompile>
    <ClCompile Include="C:\Users\unknown\source\repos\interlunar\source\src\MatchServer\TrayIcon.cpp">
      <Filter>Source Files</Filter>
    </ClCompile>
    <ClCompile Include="C:\Users\unknown\source\repos\interlunar\source\src\MatchServer\stdafx.cpp">
      <Filter>Source Files</Filter>
    </ClCompile>
  </ItemGroup>
  <ItemGroup>
    <ClInclude Include="C:\Users\unknown\source\repos\interlunar\source\src\MatchServer\CPSSOLib.h">
      <Filter>Header Files</Filter>
    </ClInclude>
    <ClInclude Include="C:\Users\unknown\source\repos\interlunar\source\src\MatchServer\ChildFrm.h">
      <Filter>Header Files</Filter>
    </ClInclude>
    <ClInclude Include="C:\Users\unknown\source\repos\interlunar\source\src\MatchServer\CommandLogView.h">
      <Filter>Header Files</Filter>
    </ClInclude>
    <ClInclude Include="C:\Users\unknown\source\repos\interlunar\source\src\MatchServer\ConsoleBar.h">
      <Filter>Header Files</Filter>
    </ClInclude>
    <ClInclude Include="C:\Users\unknown\source\repos\interlunar\source\src\MatchServer\DBQuestCachingData.h">
      <Filter>Header Files</Filter>
    </ClInclude>
    <ClInclude Include="C:\Users\unknown\source\repos\interlunar\source\src\MatchServer\GunGame.h">
      <Filter>Header Files</Filter>
    </ClInclude>
    <ClInclude Include="C:\Users\unknown\source\repos\interlunar\source\src\MatchServer\IDatabase.h">
      <Filter>Header Files</Filter>
    </ClInclude>
    <ClInclude Include="C:\Users\unknown\source\repos\interlunar\source\src\MatchServer\LagCompensation.h">
      <Filter>Header Files</Filter>
    </ClInclude>
    <ClInclude Include="C:\Users\unknown\source\repos\interlunar\source\src\MatchServer\MAsyncDBJob.h">
      <Filter>Header Files</Filter>
    </ClInclude>
    <ClInclude Include="C:\Users\unknown\source\repos\interlunar\source\src\MatchServer\MAsyncDBJob_BringAccountItem.h">
      <Filter>Header Files</Filter>
    </ClInclude>
    <ClInclude Include="C:\Users\unknown\source\repos\interlunar\source\src\MatchServer\MAsyncDBJob_CharFinalize.h">
      <Filter>Header Files</Filter>
    </ClInclude>
    <ClInclude Include="C:\Users\unknown\source\repos\interlunar\source\src\MatchServer\MAsyncDBJob_Event.h">
      <Filter>Header Files</Filter>
    </ClInclude>
    <ClInclude Include="C:\Users\unknown\source\repos\interlunar\source\src\MatchServer\MAsyncDBJob_FriendList.h">
      <Filter>Header Files</Filter>
    </ClInclude>
    <ClInclude Include="C:\Users\unknown\source\repos\interlunar\source\src\MatchServer\MAsyncDBJob_GetLoginInfo.h">
      <Filter>Header Files</Filter>
    </ClInclude>
    <ClInclude Include="C:\Users\unknown\source\repos\interlunar\source\src\MatchServer\MAsyncDBJob_InsertConnLog.h">
      <Filter>Header Files</Filter>
    </ClInclude>
    <ClInclude Include="C:\Users\unknown\source\repos\interlunar\source\src\MatchServer\MAsyncDBJob_UpdateCharInfoData.h">
      <Filter>Header Files</Filter>
    </ClInclude>
    <ClInclude Include="C:\Users\unknown\source\repos\interlunar\source\src\MatchServer\MAsyncDBJob_WinTheClanGame.h">
      <Filter>Header Files</Filter>
    </ClInclude>
    <ClInclude Include="C:\Users\unknown\source\repos\interlunar\source\src\MatchServer\MAsyncProxy.h">
      <Filter>Header Files</Filter>
    </ClInclude>
    <ClInclude Include="C:\Users\unknown\source\repos\interlunar\source\src\MatchServer\MBMatchServer.h">
      <Filter>Header Files</Filter>
    </ClInclude>
    <ClInclude Include="C:\Users\unknown\source\repos\interlunar\source\src\MatchServer\MBMatchServerConfigReloader.h">
      <Filter>Header Files</Filter>
    </ClInclude>
    <ClInclude Include="C:\Users\unknown\source\repos\interlunar\source\src\MatchServer\MLadderMgr.h">
      <Filter>Header Files</Filter>
    </ClInclude>
    <ClInclude Include="C:\Users\unknown\source\repos\interlunar\source\src\MatchServer\MLadderPicker.h">
      <Filter>Header Files</Filter>
    </ClInclude>
    <ClInclude Include="C:\Users\unknown\source\repos\interlunar\source\src\MatchServer\MMaster.h">
      <Filter>Header Files</Filter>
    </ClInclude>
    <ClInclude Include="C:\Users\unknown\source\repos\interlunar\source\src\MatchServer\MMatchAdmin.h">
      <Filter>Header Files</Filter>
    </ClInclude>
    <ClInclude Include="C:\Users\unknown\source\repos\interlunar\source\src\MatchServer\MMatchAgent.h">
      <Filter>Header Files</Filter>
    </ClInclude>
    <ClInclude Include="C:\Users\unknown\source\repos\interlunar\source\src\MatchServer\MMatchAntiHack.h">
      <Filter>Header Files</Filter>
    </ClInclude>
    <ClInclude Include="C:\Users\unknown\source\repos\interlunar\source\src\MatchServer\MMatchAuth.h">
      <Filter>Header Files</Filter>
    </ClInclude>
    <ClInclude Include="C:\Users\unknown\source\repos\interlunar\source\src\MatchServer\MMatchChannel.h">
      <Filter>Header Files</Filter>
    </ClInclude>
    <ClInclude Include="C:\Users\unknown\source\repos\interlunar\source\src\MatchServer\MMatchChannelRule.h">
      <Filter>Header Files</Filter>
    </ClInclude>
    <ClInclude Include="C:\Users\unknown\source\repos\interlunar\source\src\MatchServer\MMatchChatRoom.h">
      <Filter>Header Files</Filter>
    </ClInclude>
    <ClInclude Include="C:\Users\unknown\source\repos\interlunar\source\src\MatchServer\MMatchClan.h">
      <Filter>Header Files</Filter>
    </ClInclude>
    <ClInclude Include="C:\Users\unknown\source\repos\interlunar\source\src\MatchServer\MMatchConfig.h">
      <Filter>Header Files</Filter>
    </ClInclude>
    <ClInclude Include="C:\Users\unknown\source\repos\interlunar\source\src\MatchServer\MMatchDBFilter.h">
      <Filter>Header Files</Filter>
    </ClInclude>
    <ClInclude Include="C:\Users\unknown\source\repos\interlunar\source\src\MatchServer\MMatchEvent.h">
      <Filter>Header Files</Filter>
    </ClInclude>
    <ClInclude Include="C:\Users\unknown\source\repos\interlunar\source\src\MatchServer\MMatchEventFactory.h">
      <Filter>Header Files</Filter>
    </ClInclude>
    <ClInclude Include="C:\Users\unknown\source\repos\interlunar\source\src\MatchServer\MMatchEventManager.h">
      <Filter>Header Files</Filter>
    </ClInclude>
    <ClInclude Include="C:\Users\unknown\source\repos\interlunar\source\src\MatchServer\MMatchFormula.h">
      <Filter>Header Files</Filter>
    </ClInclude>
    <ClInclude Include="C:\Users\unknown\source\repos\interlunar\source\src\MatchServer\MMatchFriendInfo.h">
      <Filter>Header Files</Filter>
    </ClInclude>
    <ClInclude Include="C:\Users\unknown\source\repos\interlunar\source\src\MatchServer\MMatchLocale.h">
      <Filter>Header Files</Filter>
    </ClInclude>
    <ClInclude Include="C:\Users\unknown\source\repos\interlunar\source\src\MatchServer\MMatchMission.h">
      <Filter>Header Files</Filter>
    </ClInclude>
    <ClInclude Include="C:\Users\unknown\source\repos\interlunar\source\src\MatchServer\MMatchNPCObject.h">
      <Filter>Header Files</Filter>
    </ClInclude>
    <ClInclude Include="C:\Users\unknown\source\repos\interlunar\source\src\MatchServer\MMatchObject.h">
      <Filter>Header Files</Filter>
    </ClInclude>
    <ClInclude Include="C:\Users\unknown\source\repos\interlunar\source\src\MatchServer\MMatchObjectCacheBuilder.h">
      <Filter>Header Files</Filter>
    </ClInclude>
    <ClInclude Include="C:\Users\unknown\source\repos\interlunar\source\src\MatchServer\MMatchPremiumIPCache.h">
      <Filter>Header Files</Filter>
    </ClInclude>
    <ClInclude Include="C:\Users\unknown\source\repos\interlunar\source\src\MatchServer\MMatchQuest.h">
      <Filter>Header Files</Filter>
    </ClInclude>
    <ClInclude Include="C:\Users\unknown\source\repos\interlunar\source\src\MatchServer\MMatchQuestGameLog.h">
      <Filter>Header Files</Filter>
    </ClInclude>
    <ClInclude Include="C:\Users\unknown\source\repos\interlunar\source\src\MatchServer\MMatchQuestMonsterGroup.h">
      <Filter>Header Files</Filter>
    </ClInclude>
    <ClInclude Include="C:\Users\unknown\source\repos\interlunar\source\src\MatchServer\MMatchQuestRound.h">
      <Filter>Header Files</Filter>
    </ClInclude>
    <ClInclude Include="C:\Users\unknown\source\repos\interlunar\source\src\MatchServer\MMatchRule.h">
      <Filter>Header Files</Filter>
    </ClInclude>
    <ClInclude Include="C:\Users\unknown\source\repos\interlunar\source\src\MatchServer\MMatchRuleAssassinate.h">
      <Filter>Header Files</Filter>
    </ClInclude>
    <ClInclude Include="C:\Users\unknown\source\repos\interlunar\source\src\MatchServer\MMatchRuleBaseQuest.h">
      <Filter>Header Files</Filter>
    </ClInclude>
    <ClInclude Include="C:\Users\unknown\source\repos\interlunar\source\src\MatchServer\MMatchRuleBerserker.h">
      <Filter>Header Files</Filter>
    </ClInclude>
    <ClInclude Include="C:\Users\unknown\source\repos\interlunar\source\src\MatchServer\MMatchRuleDeathMatch.h">
      <Filter>Header Files</Filter>
    </ClInclude>
    <ClInclude Include="C:\Users\unknown\source\repos\interlunar\source\src\MatchServer\MMatchRuleDuel.h">
      <Filter>Header Files</Filter>
    </ClInclude>
    <ClInclude Include="C:\Users\unknown\source\repos\interlunar\source\src\MatchServer\MMatchRuleGladiator.h">
      <Filter>Header Files</Filter>
    </ClInclude>
    <ClInclude Include="C:\Users\unknown\source\repos\interlunar\source\src\MatchServer\MMatchRuleGunGame.h">
      <Filter>Header Files</Filter>
    </ClInclude>
    <ClInclude Include="C:\Users\unknown\source\repos\interlunar\source\src\MatchServer\MMatchRuleQuest.h">
      <Filter>Header Files</Filter>
    </ClInclude>
    <ClInclude Include="C:\Users\unknown\source\repos\interlunar\source\src\MatchServer\MMatchRuleSkillmap.h">
      <Filter>Header Files</Filter>
    </ClInclude>
    <ClInclude Include="C:\Users\unknown\source\repos\interlunar\source\src\MatchServer\MMatchRuleSurvival.h">
      <Filter>Header Files</Filter>
    </ClInclude>
    <ClInclude Include="C:\Users\unknown\source\repos\interlunar\source\src\MatchServer\MMatchRuleTraining.h">
      <Filter>Header Files</Filter>
    </ClInclude>
    <ClInclude Include="C:\Users\unknown\source\repos\interlunar\source\src\MatchServer\MMatchSchedule.h">
      <Filter>Header Files</Filter>
    </ClInclude>
    <ClInclude Include="C:\Users\unknown\source\repos\interlunar\source\src\MatchServer\MMatchServer.h">
      <Filter>Header Files</Filter>
    </ClInclude>
    <ClInclude Include="C:\Users\unknown\source\repos\interlunar\source\src\MatchServer\MMatchShop.h">
      <Filter>Header Files</Filter>
    </ClInclude>
    <ClInclude Include="C:\Users\unknown\source\repos\interlunar\source\src\MatchServer\MMatchShutdown.h">
      <Filter>Header Files</Filter>
    </ClInclude>
    <ClInclude Include="C:\Users\unknown\source\repos\interlunar\source\src\MatchServer\MMatchStage.h">
      <Filter>Header Files</Filter>
    </ClInclude>
    <ClInclude Include="C:\Users\unknown\source\repos\interlunar\source\src\MatchServer\MMatchStatus.h">
      <Filter>Header Files</Filter>
    </ClInclude>
    <ClInclude Include="C:\Users\unknown\source\repos\interlunar\source\src\MatchServer\MMatchWorldItem.h">
      <Filter>Header Files</Filter>
    </ClInclude>
    <ClInclude Include="C:\Users\unknown\source\repos\interlunar\source\src\MatchServer\MNJ_DBAgentClient.h">
      <Filter>Header Files</Filter>
    </ClInclude>
    <ClInclude Include="C:\Users\unknown\source\repos\interlunar\source\src\MatchServer\MQuestLevel.h">
      <Filter>Header Files</Filter>
    </ClInclude>
    <ClInclude Include="C:\Users\unknown\source\repos\interlunar\source\src\MatchServer\MQuestLevelGenerator.h">
      <Filter>Header Files</Filter>
    </ClInclude>
    <ClInclude Include="C:\Users\unknown\source\repos\interlunar\source\src\MatchServer\MQuestNPCSpawnTrigger.h">
      <Filter>Header Files</Filter>
    </ClInclude>
    <ClInclude Include="C:\Users\unknown\source\repos\interlunar\source\src\MatchServer\MQuestPlayer.h">
      <Filter>Header Files</Filter>
    </ClInclude>
    <ClInclude Include="C:\Users\unknown\source\repos\interlunar\source\src\MatchServer\MQuestScenario.h">
      <Filter>Header Files</Filter>
    </ClInclude>
    <ClInclude Include="C:\Users\unknown\source\repos\interlunar\source\src\MatchServer\MSacrificeQItemTable.h">
      <Filter>Header Files</Filter>
    </ClInclude>
    <ClInclude Include="C:\Users\unknown\source\repos\interlunar\source\src\MatchServer\MSmartRefreshImpl.h">
      <Filter>Header Files</Filter>
    </ClInclude>
    <ClInclude Include="C:\Users\unknown\source\repos\interlunar\source\src\MatchServer\MTeamGameStrategy.h">
      <Filter>Header Files</Filter>
    </ClInclude>
    <ClInclude Include="C:\Users\unknown\source\repos\interlunar\source\src\MatchServer\MVoteDiscussImpl.h">
      <Filter>Header Files</Filter>
    </ClInclude>
    <ClInclude Include="C:\Users\unknown\source\repos\interlunar\source\src\MatchServer\MVoteMgr.h">
      <Filter>Header Files</Filter>
    </ClInclude>
    <ClInclude Include="C:\Users\unknown\source\repos\interlunar\source\src\MatchServer\MainFrm.h">
      <Filter>Header Files</Filter>
    </ClInclude>
    <ClInclude Include="C:\Users\unknown\source\repos\interlunar\source\src\MatchServer\MatchServer.h">
      <Filter>Header Files</Filter>
    </ClInclude>
    <ClInclude Include="C:\Users\unknown\source\repos\interlunar\source\src\MatchServer\MatchServerDoc.h">
      <Filter>Header Files</Filter>
    </ClInclude>
    <ClInclude Include="C:\Users\unknown\source\repos\interlunar\source\src\MatchServer\MatchServerView.h">
      <Filter>Header Files</Filter>
    </ClInclude>
    <ClInclude Include="C:\Users\unknown\source\repos\interlunar\source\src\MatchServer\MovingWeaponManager.h">
      <Filter>Header Files</Filter>
    </ClInclude>
    <ClInclude Include="C:\Users\unknown\source\repos\interlunar\source\src\MatchServer\OutputView.h">
      <Filter>Header Files</Filter>
    </ClInclude>
    <ClInclude Include="C:\Users\unknown\source\repos\interlunar\source\src\MatchServer\SQLiteDatabase.h">
      <Filter>Header Files</Filter>
    </ClInclude>
    <ClInclude Include="C:\Users\unknown\source\repos\interlunar\source\src\MatchServer\TrayIcon.h">
      <Filter>Header Files</Filter>
    </ClInclude>
    <ClInclude Include="C:\Users\unknown\source\repos\interlunar\source\src\MatchServer\VersionNo.h">
      <Filter>Header Files</Filter>
    </ClInclude>
    <ClInclude Include="C:\Users\unknown\source\repos\interlunar\source\src\MatchServer\resource.h">
      <Filter>Header Files</Filter>
    </ClInclude>
    <ClInclude Include="C:\Users\unknown\source\repos\interlunar\source\src\MatchServer\stdafx.h">
      <Filter>Header Files</Filter>
    </ClInclude>
  </ItemGroup>
  <ItemGroup>
    <CustomBuild Include="C:\Users\unknown\source\repos\interlunar\source\src\MatchServer\CMakeLists.txt" />
  </ItemGroup>
  <ItemGroup>
    <Filter Include="Header Files">
      <UniqueIdentifier>{338F6DEC-C651-36F5-B56C-6888F38DCAA2}</UniqueIdentifier>
    </Filter>
    <Filter Include="Source Files">
      <UniqueIdentifier>{C0EF28A1-DDBC-3A41-B1B9-C3DED58692F5}</UniqueIdentifier>
    </Filter>
  </ItemGroup>
</Project>
