<?xml version="1.0" encoding="utf-8"?>
<Project ToolsVersion="15.0" xmlns="http://schemas.microsoft.com/developer/msbuild/2003">
  <ItemGroup>
    <ClCompile Include="C:\Users\unknown\source\repos\interlunar\source\src\Gunz\Hitboxes.cpp">
      <Filter>Source Files</Filter>
    </ClCompile>
    <ClCompile Include="C:\Users\unknown\source\repos\interlunar\source\src\Gunz\MClient.cpp">
      <Filter>Source Files</Filter>
    </ClCompile>
    <ClCompile Include="C:\Users\unknown\source\repos\interlunar\source\src\Gunz\MCommandLogFrame.cpp">
      <Filter>Source Files</Filter>
    </ClCompile>
    <ClCompile Include="C:\Users\unknown\source\repos\interlunar\source\src\Gunz\MEmblemMgr.cpp">
      <Filter>Source Files</Filter>
    </ClCompile>
    <ClCompile Include="C:\Users\unknown\source\repos\interlunar\source\src\Gunz\MMatchClient.cpp">
      <Filter>Source Files</Filter>
    </ClCompile>
    <ClCompile Include="C:\Users\unknown\source\repos\interlunar\source\src\Gunz\MSysInfo.cpp">
      <Filter>Source Files</Filter>
    </ClCompile>
    <ClCompile Include="C:\Users\unknown\source\repos\interlunar\source\src\Gunz\Mint4Gunz.cpp">
      <Filter>Source Files</Filter>
    </ClCompile>
    <ClCompile Include="C:\Users\unknown\source\repos\interlunar\source\src\Gunz\Mint4R2.cpp">
      <Filter>Source Files</Filter>
    </ClCompile>
    <ClCompile Include="C:\Users\unknown\source\repos\interlunar\source\src\Gunz\NewChat.cpp">
      <Filter>Source Files</Filter>
    </ClCompile>
    <ClCompile Include="C:\Users\unknown\source\repos\interlunar\source\src\Gunz\Portal.cpp">
      <Filter>Source Files</Filter>
    </ClCompile>
    <ClCompile Include="C:\Users\unknown\source\repos\interlunar\source\src\Gunz\RGCommands.cpp">
      <Filter>Source Files</Filter>
    </ClCompile>
    <ClCompile Include="C:\Users\unknown\source\repos\interlunar\source\src\Gunz\RGMain.cpp">
      <Filter>Source Files</Filter>
    </ClCompile>
    <ClCompile Include="C:\Users\unknown\source\repos\interlunar\source\src\Gunz\ReplayControl.cpp">
      <Filter>Source Files</Filter>
    </ClCompile>
    <ClCompile Include="C:\Users\unknown\source\repos\interlunar\source\src\Gunz\Tasks.cpp">
      <Filter>Source Files</Filter>
    </ClCompile>
    <ClCompile Include="C:\Users\unknown\source\repos\interlunar\source\src\Gunz\VoiceChat.cpp">
      <Filter>Source Files</Filter>
    </ClCompile>
    <ClCompile Include="C:\Users\unknown\source\repos\interlunar\source\src\Gunz\ZActionKey.cpp">
      <Filter>Source Files</Filter>
    </ClCompile>
    <ClCompile Include="C:\Users\unknown\source\repos\interlunar\source\src\Gunz\ZActor.cpp">
      <Filter>Source Files</Filter>
    </ClCompile>
    <ClCompile Include="C:\Users\unknown\source\repos\interlunar\source\src\Gunz\ZActorAnimation.cpp">
      <Filter>Source Files</Filter>
    </ClCompile>
    <ClCompile Include="C:\Users\unknown\source\repos\interlunar\source\src\Gunz\ZActorController.cpp">
      <Filter>Source Files</Filter>
    </ClCompile>
    <ClCompile Include="C:\Users\unknown\source\repos\interlunar\source\src\Gunz\ZActorSound.cpp">
      <Filter>Source Files</Filter>
    </ClCompile>
    <ClCompile Include="C:\Users\unknown\source\repos\interlunar\source\src\Gunz\ZApplication.cpp">
      <Filter>Source Files</Filter>
    </ClCompile>
    <ClCompile Include="C:\Users\unknown\source\repos\interlunar\source\src\Gunz\ZBehavior.cpp">
      <Filter>Source Files</Filter>
    </ClCompile>
    <ClCompile Include="C:\Users\unknown\source\repos\interlunar\source\src\Gunz\ZBehavior_Attack.cpp">
      <Filter>Source Files</Filter>
    </ClCompile>
    <ClCompile Include="C:\Users\unknown\source\repos\interlunar\source\src\Gunz\ZBehavior_Idle.cpp">
      <Filter>Source Files</Filter>
    </ClCompile>
    <ClCompile Include="C:\Users\unknown\source\repos\interlunar\source\src\Gunz\ZBehavior_Patrol.cpp">
      <Filter>Source Files</Filter>
    </ClCompile>
    <ClCompile Include="C:\Users\unknown\source\repos\interlunar\source\src\Gunz\ZBehavior_Script.cpp">
      <Filter>Source Files</Filter>
    </ClCompile>
    <ClCompile Include="C:\Users\unknown\source\repos\interlunar\source\src\Gunz\ZBirdDummyAI.cpp">
      <Filter>Source Files</Filter>
    </ClCompile>
    <ClCompile Include="C:\Users\unknown\source\repos\interlunar\source\src\Gunz\ZBirdDummyClient.cpp">
      <Filter>Source Files</Filter>
    </ClCompile>
    <ClCompile Include="C:\Users\unknown\source\repos\interlunar\source\src\Gunz\ZBirdTest.cpp">
      <Filter>Source Files</Filter>
    </ClCompile>
    <ClCompile Include="C:\Users\unknown\source\repos\interlunar\source\src\Gunz\ZBmNumLabel.cpp">
      <Filter>Source Files</Filter>
    </ClCompile>
    <ClCompile Include="C:\Users\unknown\source\repos\interlunar\source\src\Gunz\ZBrain.cpp">
      <Filter>Source Files</Filter>
    </ClCompile>
    <ClCompile Include="C:\Users\unknown\source\repos\interlunar\source\src\Gunz\ZButton.cpp">
      <Filter>Source Files</Filter>
    </ClCompile>
    <ClCompile Include="C:\Users\unknown\source\repos\interlunar\source\src\Gunz\ZCamera.cpp">
      <Filter>Source Files</Filter>
    </ClCompile>
    <ClCompile Include="C:\Users\unknown\source\repos\interlunar\source\src\Gunz\ZCanvas.cpp">
      <Filter>Source Files</Filter>
    </ClCompile>
    <ClCompile Include="C:\Users\unknown\source\repos\interlunar\source\src\Gunz\ZChannelRule.cpp">
      <Filter>Source Files</Filter>
    </ClCompile>
    <ClCompile Include="C:\Users\unknown\source\repos\interlunar\source\src\Gunz\ZCharacter.cpp">
      <Filter>Source Files</Filter>
    </ClCompile>
    <ClCompile Include="C:\Users\unknown\source\repos\interlunar\source\src\Gunz\ZCharacterItem.cpp">
      <Filter>Source Files</Filter>
    </ClCompile>
    <ClCompile Include="C:\Users\unknown\source\repos\interlunar\source\src\Gunz\ZCharacterManager.cpp">
      <Filter>Source Files</Filter>
    </ClCompile>
    <ClCompile Include="C:\Users\unknown\source\repos\interlunar\source\src\Gunz\ZCharacterObject.cpp">
      <Filter>Source Files</Filter>
    </ClCompile>
    <ClCompile Include="C:\Users\unknown\source\repos\interlunar\source\src\Gunz\ZCharacterSelectView.cpp">
      <Filter>Source Files</Filter>
    </ClCompile>
    <ClCompile Include="C:\Users\unknown\source\repos\interlunar\source\src\Gunz\ZCharacterView.cpp">
      <Filter>Source Files</Filter>
    </ClCompile>
    <ClCompile Include="C:\Users\unknown\source\repos\interlunar\source\src\Gunz\ZCharacterViewList.cpp">
      <Filter>Source Files</Filter>
    </ClCompile>
    <ClCompile Include="C:\Users\unknown\source\repos\interlunar\source\src\Gunz\ZChat.cpp">
      <Filter>Source Files</Filter>
    </ClCompile>
    <ClCompile Include="C:\Users\unknown\source\repos\interlunar\source\src\Gunz\ZChatCmd.cpp">
      <Filter>Source Files</Filter>
    </ClCompile>
    <ClCompile Include="C:\Users\unknown\source\repos\interlunar\source\src\Gunz\ZChat_Cmds.cpp">
      <Filter>Source Files</Filter>
    </ClCompile>
    <ClCompile Include="C:\Users\unknown\source\repos\interlunar\source\src\Gunz\ZClanListBox.cpp">
      <Filter>Source Files</Filter>
    </ClCompile>
    <ClCompile Include="C:\Users\unknown\source\repos\interlunar\source\src\Gunz\ZClothEmblem.cpp">
      <Filter>Source Files</Filter>
    </ClCompile>
    <ClCompile Include="C:\Users\unknown\source\repos\interlunar\source\src\Gunz\ZCombatChat.cpp">
      <Filter>Source Files</Filter>
    </ClCompile>
    <ClCompile Include="C:\Users\unknown\source\repos\interlunar\source\src\Gunz\ZCombatInterface.cpp">
      <Filter>Source Files</Filter>
    </ClCompile>
    <ClCompile Include="C:\Users\unknown\source\repos\interlunar\source\src\Gunz\ZCombatMenu.cpp">
      <Filter>Source Files</Filter>
    </ClCompile>
    <ClCompile Include="C:\Users\unknown\source\repos\interlunar\source\src\Gunz\ZCombatQuestScreen.cpp">
      <Filter>Source Files</Filter>
    </ClCompile>
    <ClCompile Include="C:\Users\unknown\source\repos\interlunar\source\src\Gunz\ZCommandTable.cpp">
      <Filter>Source Files</Filter>
    </ClCompile>
    <ClCompile Include="C:\Users\unknown\source\repos\interlunar\source\src\Gunz\ZConfiguration.cpp">
      <Filter>Source Files</Filter>
    </ClCompile>
    <ClCompile Include="C:\Users\unknown\source\repos\interlunar\source\src\Gunz\ZConsole.cpp">
      <Filter>Source Files</Filter>
    </ClCompile>
    <ClCompile Include="C:\Users\unknown\source\repos\interlunar\source\src\Gunz\ZCountDown.cpp">
      <Filter>Source Files</Filter>
    </ClCompile>
    <ClCompile Include="C:\Users\unknown\source\repos\interlunar\source\src\Gunz\ZCrossHair.cpp">
      <Filter>Source Files</Filter>
    </ClCompile>
    <ClCompile Include="C:\Users\unknown\source\repos\interlunar\source\src\Gunz\ZDirectInput.cpp">
      <Filter>Source Files</Filter>
    </ClCompile>
    <ClCompile Include="C:\Users\unknown\source\repos\interlunar\source\src\Gunz\ZEffectAniMesh.cpp">
      <Filter>Source Files</Filter>
    </ClCompile>
    <ClCompile Include="C:\Users\unknown\source\repos\interlunar\source\src\Gunz\ZEffectBase.cpp">
      <Filter>Source Files</Filter>
    </ClCompile>
    <ClCompile Include="C:\Users\unknown\source\repos\interlunar\source\src\Gunz\ZEffectBillboard.cpp">
      <Filter>Source Files</Filter>
    </ClCompile>
    <ClCompile Include="C:\Users\unknown\source\repos\interlunar\source\src\Gunz\ZEffectBillboardList.cpp">
      <Filter>Source Files</Filter>
    </ClCompile>
    <ClCompile Include="C:\Users\unknown\source\repos\interlunar\source\src\Gunz\ZEffectBulletMark.cpp">
      <Filter>Source Files</Filter>
    </ClCompile>
    <ClCompile Include="C:\Users\unknown\source\repos\interlunar\source\src\Gunz\ZEffectBulletMarkList.cpp">
      <Filter>Source Files</Filter>
    </ClCompile>
    <ClCompile Include="C:\Users\unknown\source\repos\interlunar\source\src\Gunz\ZEffectFlashBang.cpp">
      <Filter>Source Files</Filter>
    </ClCompile>
    <ClCompile Include="C:\Users\unknown\source\repos\interlunar\source\src\Gunz\ZEffectLightFragment.cpp">
      <Filter>Source Files</Filter>
    </ClCompile>
    <ClCompile Include="C:\Users\unknown\source\repos\interlunar\source\src\Gunz\ZEffectLightFragmentList.cpp">
      <Filter>Source Files</Filter>
    </ClCompile>
    <ClCompile Include="C:\Users\unknown\source\repos\interlunar\source\src\Gunz\ZEffectLightTracer.cpp">
      <Filter>Source Files</Filter>
    </ClCompile>
    <ClCompile Include="C:\Users\unknown\source\repos\interlunar\source\src\Gunz\ZEffectManager.cpp">
      <Filter>Source Files</Filter>
    </ClCompile>
    <ClCompile Include="C:\Users\unknown\source\repos\interlunar\source\src\Gunz\ZEffectSmoke.cpp">
      <Filter>Source Files</Filter>
    </ClCompile>
    <ClCompile Include="C:\Users\unknown\source\repos\interlunar\source\src\Gunz\ZEffectStaticMesh.cpp">
      <Filter>Source Files</Filter>
    </ClCompile>
    <ClCompile Include="C:\Users\unknown\source\repos\interlunar\source\src\Gunz\ZEmblemInterface.cpp">
      <Filter>Source Files</Filter>
    </ClCompile>
    <ClCompile Include="C:\Users\unknown\source\repos\interlunar\source\src\Gunz\ZEnemy.cpp">
      <Filter>Source Files</Filter>
    </ClCompile>
    <ClCompile Include="C:\Users\unknown\source\repos\interlunar\source\src\Gunz\ZEnvObject.cpp">
      <Filter>Source Files</Filter>
    </ClCompile>
    <ClCompile Include="C:\Users\unknown\source\repos\interlunar\source\src\Gunz\ZEquipmentListBox.cpp">
      <Filter>Source Files</Filter>
    </ClCompile>
    <ClCompile Include="C:\Users\unknown\source\repos\interlunar\source\src\Gunz\ZFile.cpp">
      <Filter>Source Files</Filter>
    </ClCompile>
    <ClCompile Include="C:\Users\unknown\source\repos\interlunar\source\src\Gunz\ZFrame.cpp">
      <Filter>Source Files</Filter>
    </ClCompile>
    <ClCompile Include="C:\Users\unknown\source\repos\interlunar\source\src\Gunz\ZGame.cpp">
      <Filter>Source Files</Filter>
    </ClCompile>
    <ClCompile Include="C:\Users\unknown\source\repos\interlunar\source\src\Gunz\ZGameAction.cpp">
      <Filter>Source Files</Filter>
    </ClCompile>
    <ClCompile Include="C:\Users\unknown\source\repos\interlunar\source\src\Gunz\ZGameClient.cpp">
      <Filter>Source Files</Filter>
    </ClCompile>
    <ClCompile Include="C:\Users\unknown\source\repos\interlunar\source\src\Gunz\ZGameClient_Clan.cpp">
      <Filter>Source Files</Filter>
    </ClCompile>
    <ClCompile Include="C:\Users\unknown\source\repos\interlunar\source\src\Gunz\ZGameClient_Command.cpp">
      <Filter>Source Files</Filter>
    </ClCompile>
    <ClCompile Include="C:\Users\unknown\source\repos\interlunar\source\src\Gunz\ZGameClient_HShield.cpp">
      <Filter>Source Files</Filter>
    </ClCompile>
    <ClCompile Include="C:\Users\unknown\source\repos\interlunar\source\src\Gunz\ZGameClient_Ladder.cpp">
      <Filter>Source Files</Filter>
    </ClCompile>
    <ClCompile Include="C:\Users\unknown\source\repos\interlunar\source\src\Gunz\ZGameDrawD3D9.cpp">
      <Filter>Source Files</Filter>
    </ClCompile>
    <ClCompile Include="C:\Users\unknown\source\repos\interlunar\source\src\Gunz\ZGameInput.cpp">
      <Filter>Source Files</Filter>
    </ClCompile>
    <ClCompile Include="C:\Users\unknown\source\repos\interlunar\source\src\Gunz\ZGameInput_Debug.cpp">
      <Filter>Source Files</Filter>
    </ClCompile>
    <ClCompile Include="C:\Users\unknown\source\repos\interlunar\source\src\Gunz\ZGameInterface.cpp">
      <Filter>Source Files</Filter>
    </ClCompile>
    <ClCompile Include="C:\Users\unknown\source\repos\interlunar\source\src\Gunz\ZGameInterface_OnCommand.cpp">
      <Filter>Source Files</Filter>
    </ClCompile>
    <ClCompile Include="C:\Users\unknown\source\repos\interlunar\source\src\Gunz\ZGameType.cpp">
      <Filter>Source Files</Filter>
    </ClCompile>
    <ClCompile Include="C:\Users\unknown\source\repos\interlunar\source\src\Gunz\ZGameTypeList.cpp">
      <Filter>Source Files</Filter>
    </ClCompile>
    <ClCompile Include="C:\Users\unknown\source\repos\interlunar\source\src\Gunz\ZGlobal.cpp">
      <Filter>Source Files</Filter>
    </ClCompile>
    <ClCompile Include="C:\Users\unknown\source\repos\interlunar\source\src\Gunz\ZHelpScreen.cpp">
      <Filter>Source Files</Filter>
    </ClCompile>
    <ClCompile Include="C:\Users\unknown\source\repos\interlunar\source\src\Gunz\ZIDLResource.cpp">
      <Filter>Source Files</Filter>
    </ClCompile>
    <ClCompile Include="C:\Users\unknown\source\repos\interlunar\source\src\Gunz\ZInitialLoading.cpp">
      <Filter>Source Files</Filter>
    </ClCompile>
    <ClCompile Include="C:\Users\unknown\source\repos\interlunar\source\src\Gunz\ZInput.cpp">
      <Filter>Source Files</Filter>
    </ClCompile>
    <ClCompile Include="C:\Users\unknown\source\repos\interlunar\source\src\Gunz\ZInterface.cpp">
      <Filter>Source Files</Filter>
    </ClCompile>
    <ClCompile Include="C:\Users\unknown\source\repos\interlunar\source\src\Gunz\ZInterfaceBackground.cpp">
      <Filter>Source Files</Filter>
    </ClCompile>
    <ClCompile Include="C:\Users\unknown\source\repos\interlunar\source\src\Gunz\ZInterfaceListener.cpp">
      <Filter>Source Files</Filter>
    </ClCompile>
    <ClCompile Include="C:\Users\unknown\source\repos\interlunar\source\src\Gunz\ZItem.cpp">
      <Filter>Source Files</Filter>
    </ClCompile>
    <ClCompile Include="C:\Users\unknown\source\repos\interlunar\source\src\Gunz\ZItemDesc.cpp">
      <Filter>Source Files</Filter>
    </ClCompile>
    <ClCompile Include="C:\Users\unknown\source\repos\interlunar\source\src\Gunz\ZItemMenu.cpp">
      <Filter>Source Files</Filter>
    </ClCompile>
    <ClCompile Include="C:\Users\unknown\source\repos\interlunar\source\src\Gunz\ZItemSlotView.cpp">
      <Filter>Source Files</Filter>
    </ClCompile>
    <ClCompile Include="C:\Users\unknown\source\repos\interlunar\source\src\Gunz\ZLoading.cpp">
      <Filter>Source Files</Filter>
    </ClCompile>
    <ClCompile Include="C:\Users\unknown\source\repos\interlunar\source\src\Gunz\ZLocatorList.cpp">
      <Filter>Source Files</Filter>
    </ClCompile>
    <ClCompile Include="C:\Users\unknown\source\repos\interlunar\source\src\Gunz\ZMap.cpp">
      <Filter>Source Files</Filter>
    </ClCompile>
    <ClCompile Include="C:\Users\unknown\source\repos\interlunar\source\src\Gunz\ZMapDesc.cpp">
      <Filter>Source Files</Filter>
    </ClCompile>
    <ClCompile Include="C:\Users\unknown\source\repos\interlunar\source\src\Gunz\ZMapListBox.cpp">
      <Filter>Source Files</Filter>
    </ClCompile>
    <ClCompile Include="C:\Users\unknown\source\repos\interlunar\source\src\Gunz\ZMatch.cpp">
      <Filter>Source Files</Filter>
    </ClCompile>
    <ClCompile Include="C:\Users\unknown\source\repos\interlunar\source\src\Gunz\ZMeshView.cpp">
      <Filter>Source Files</Filter>
    </ClCompile>
    <ClCompile Include="C:\Users\unknown\source\repos\interlunar\source\src\Gunz\ZMeshViewList.cpp">
      <Filter>Source Files</Filter>
    </ClCompile>
    <ClCompile Include="C:\Users\unknown\source\repos\interlunar\source\src\Gunz\ZMessageManager.cpp">
      <Filter>Source Files</Filter>
    </ClCompile>
    <ClCompile Include="C:\Users\unknown\source\repos\interlunar\source\src\Gunz\ZMessages.cpp">
      <Filter>Source Files</Filter>
    </ClCompile>
    <ClCompile Include="C:\Users\unknown\source\repos\interlunar\source\src\Gunz\ZMiniMap.cpp">
      <Filter>Source Files</Filter>
    </ClCompile>
    <ClCompile Include="C:\Users\unknown\source\repos\interlunar\source\src\Gunz\ZModule.cpp">
      <Filter>Source Files</Filter>
    </ClCompile>
    <ClCompile Include="C:\Users\unknown\source\repos\interlunar\source\src\Gunz\ZModule_ElementalDamage.cpp">
      <Filter>Source Files</Filter>
    </ClCompile>
    <ClCompile Include="C:\Users\unknown\source\repos\interlunar\source\src\Gunz\ZModule_HPAP.cpp">
      <Filter>Source Files</Filter>
    </ClCompile>
    <ClCompile Include="C:\Users\unknown\source\repos\interlunar\source\src\Gunz\ZModule_Movable.cpp">
      <Filter>Source Files</Filter>
    </ClCompile>
    <ClCompile Include="C:\Users\unknown\source\repos\interlunar\source\src\Gunz\ZModule_QuestStatus.cpp">
      <Filter>Source Files</Filter>
    </ClCompile>
    <ClCompile Include="C:\Users\unknown\source\repos\interlunar\source\src\Gunz\ZModule_Resistance.cpp">
      <Filter>Source Files</Filter>
    </ClCompile>
    <ClCompile Include="C:\Users\unknown\source\repos\interlunar\source\src\Gunz\ZModule_Skills.cpp">
      <Filter>Source Files</Filter>
    </ClCompile>
    <ClCompile Include="C:\Users\unknown\source\repos\interlunar\source\src\Gunz\ZMonsterBookInterface.cpp">
      <Filter>Source Files</Filter>
    </ClCompile>
    <ClCompile Include="C:\Users\unknown\source\repos\interlunar\source\src\Gunz\ZMsgBox.cpp">
      <Filter>Source Files</Filter>
    </ClCompile>
    <ClCompile Include="C:\Users\unknown\source\repos\interlunar\source\src\Gunz\ZMyBotCharacter.cpp">
      <Filter>Source Files</Filter>
    </ClCompile>
    <ClCompile Include="C:\Users\unknown\source\repos\interlunar\source\src\Gunz\ZMyCharacter.cpp">
      <Filter>Source Files</Filter>
    </ClCompile>
    <ClCompile Include="C:\Users\unknown\source\repos\interlunar\source\src\Gunz\ZMyInfo.cpp">
      <Filter>Source Files</Filter>
    </ClCompile>
    <ClCompile Include="C:\Users\unknown\source\repos\interlunar\source\src\Gunz\ZMyItemList.cpp">
      <Filter>Source Files</Filter>
    </ClCompile>
    <ClCompile Include="C:\Users\unknown\source\repos\interlunar\source\src\Gunz\ZNetAgreementBuilder.cpp">
      <Filter>Source Files</Filter>
    </ClCompile>
    <ClCompile Include="C:\Users\unknown\source\repos\interlunar\source\src\Gunz\ZNetCharacter.cpp">
      <Filter>Source Files</Filter>
    </ClCompile>
    <ClCompile Include="C:\Users\unknown\source\repos\interlunar\source\src\Gunz\ZNetRepository.cpp">
      <Filter>Source Files</Filter>
    </ClCompile>
    <ClCompile Include="C:\Users\unknown\source\repos\interlunar\source\src\Gunz\ZObject.cpp">
      <Filter>Source Files</Filter>
    </ClCompile>
    <ClCompile Include="C:\Users\unknown\source\repos\interlunar\source\src\Gunz\ZObjectManager.cpp">
      <Filter>Source Files</Filter>
    </ClCompile>
    <ClCompile Include="C:\Users\unknown\source\repos\interlunar\source\src\Gunz\ZObserver.cpp">
      <Filter>Source Files</Filter>
    </ClCompile>
    <ClCompile Include="C:\Users\unknown\source\repos\interlunar\source\src\Gunz\ZOptionInterface.cpp">
      <Filter>Source Files</Filter>
    </ClCompile>
    <ClCompile Include="C:\Users\unknown\source\repos\interlunar\source\src\Gunz\ZPlayerList.cpp">
      <Filter>Source Files</Filter>
    </ClCompile>
    <ClCompile Include="C:\Users\unknown\source\repos\interlunar\source\src\Gunz\ZPlayerListBox.cpp">
      <Filter>Source Files</Filter>
    </ClCompile>
    <ClCompile Include="C:\Users\unknown\source\repos\interlunar\source\src\Gunz\ZPlayerMenu.cpp">
      <Filter>Source Files</Filter>
    </ClCompile>
    <ClCompile Include="C:\Users\unknown\source\repos\interlunar\source\src\Gunz\ZPlayerSelectListBox.cpp">
      <Filter>Source Files</Filter>
    </ClCompile>
    <ClCompile Include="C:\Users\unknown\source\repos\interlunar\source\src\Gunz\ZPost.cpp">
      <Filter>Source Files</Filter>
    </ClCompile>
    <ClCompile Include="C:\Users\unknown\source\repos\interlunar\source\src\Gunz\ZPostLocal.cpp">
      <Filter>Source Files</Filter>
    </ClCompile>
    <ClCompile Include="C:\Users\unknown\source\repos\interlunar\source\src\Gunz\ZProfiler.cpp">
      <Filter>Source Files</Filter>
    </ClCompile>
    <ClCompile Include="C:\Users\unknown\source\repos\interlunar\source\src\Gunz\ZQuest.cpp">
      <Filter>Source Files</Filter>
    </ClCompile>
    <ClCompile Include="C:\Users\unknown\source\repos\interlunar\source\src\Gunz\ZQuestGameInfo.cpp">
      <Filter>Source Files</Filter>
    </ClCompile>
    <ClCompile Include="C:\Users\unknown\source\repos\interlunar\source\src\Gunz\ZQuestMap.cpp">
      <Filter>Source Files</Filter>
    </ClCompile>
    <ClCompile Include="C:\Users\unknown\source\repos\interlunar\source\src\Gunz\ZRadar.cpp">
      <Filter>Source Files</Filter>
    </ClCompile>
    <ClCompile Include="C:\Users\unknown\source\repos\interlunar\source\src\Gunz\ZRangeWeaponHitDice.cpp">
      <Filter>Source Files</Filter>
    </ClCompile>
    <ClCompile Include="C:\Users\unknown\source\repos\interlunar\source\src\Gunz\ZReplay.cpp">
      <Filter>Source Files</Filter>
    </ClCompile>
    <ClCompile Include="C:\Users\unknown\source\repos\interlunar\source\src\Gunz\ZReplayWrite.cpp">
      <Filter>Source Files</Filter>
    </ClCompile>
    <ClCompile Include="C:\Users\unknown\source\repos\interlunar\source\src\Gunz\ZReportAbuse.cpp">
      <Filter>Source Files</Filter>
    </ClCompile>
    <ClCompile Include="C:\Users\unknown\source\repos\interlunar\source\src\Gunz\ZRoomListBox.cpp">
      <Filter>Source Files</Filter>
    </ClCompile>
    <ClCompile Include="C:\Users\unknown\source\repos\interlunar\source\src\Gunz\ZRule.cpp">
      <Filter>Source Files</Filter>
    </ClCompile>
    <ClCompile Include="C:\Users\unknown\source\repos\interlunar\source\src\Gunz\ZRuleAssassinate.cpp">
      <Filter>Source Files</Filter>
    </ClCompile>
    <ClCompile Include="C:\Users\unknown\source\repos\interlunar\source\src\Gunz\ZRuleBaseQuest.cpp">
      <Filter>Source Files</Filter>
    </ClCompile>
    <ClCompile Include="C:\Users\unknown\source\repos\interlunar\source\src\Gunz\ZRuleBerserker.cpp">
      <Filter>Source Files</Filter>
    </ClCompile>
    <ClCompile Include="C:\Users\unknown\source\repos\interlunar\source\src\Gunz\ZRuleDeathMatch.cpp">
      <Filter>Source Files</Filter>
    </ClCompile>
    <ClCompile Include="C:\Users\unknown\source\repos\interlunar\source\src\Gunz\ZRuleDuel.cpp">
      <Filter>Source Files</Filter>
    </ClCompile>
    <ClCompile Include="C:\Users\unknown\source\repos\interlunar\source\src\Gunz\ZRuleGladiator.cpp">
      <Filter>Source Files</Filter>
    </ClCompile>
    <ClCompile Include="C:\Users\unknown\source\repos\interlunar\source\src\Gunz\ZRuleGunGame.cpp">
      <Filter>Source Files</Filter>
    </ClCompile>
    <ClCompile Include="C:\Users\unknown\source\repos\interlunar\source\src\Gunz\ZRuleQuest.cpp">
      <Filter>Source Files</Filter>
    </ClCompile>
    <ClCompile Include="C:\Users\unknown\source\repos\interlunar\source\src\Gunz\ZRuleSkillmap.cpp">
      <Filter>Source Files</Filter>
    </ClCompile>
    <ClCompile Include="C:\Users\unknown\source\repos\interlunar\source\src\Gunz\ZRuleSurvival.cpp">
      <Filter>Source Files</Filter>
    </ClCompile>
    <ClCompile Include="C:\Users\unknown\source\repos\interlunar\source\src\Gunz\ZRuleTraining.cpp">
      <Filter>Source Files</Filter>
    </ClCompile>
    <ClCompile Include="C:\Users\unknown\source\repos\interlunar\source\src\Gunz\ZScoreListBox.cpp">
      <Filter>Source Files</Filter>
    </ClCompile>
    <ClCompile Include="C:\Users\unknown\source\repos\interlunar\source\src\Gunz\ZScreenDebugger.cpp">
      <Filter>Source Files</Filter>
    </ClCompile>
    <ClCompile Include="C:\Users\unknown\source\repos\interlunar\source\src\Gunz\ZScreenEffectManager.cpp">
      <Filter>Source Files</Filter>
    </ClCompile>
    <ClCompile Include="C:\Users\unknown\source\repos\interlunar\source\src\Gunz\ZSecurity.cpp">
      <Filter>Source Files</Filter>
    </ClCompile>
    <ClCompile Include="C:\Users\unknown\source\repos\interlunar\source\src\Gunz\ZServerView.cpp">
      <Filter>Source Files</Filter>
    </ClCompile>
    <ClCompile Include="C:\Users\unknown\source\repos\interlunar\source\src\Gunz\ZShadow.cpp">
      <Filter>Source Files</Filter>
    </ClCompile>
    <ClCompile Include="C:\Users\unknown\source\repos\interlunar\source\src\Gunz\ZShop.cpp">
      <Filter>Source Files</Filter>
    </ClCompile>
    <ClCompile Include="C:\Users\unknown\source\repos\interlunar\source\src\Gunz\ZSkill.cpp">
      <Filter>Source Files</Filter>
    </ClCompile>
    <ClCompile Include="C:\Users\unknown\source\repos\interlunar\source\src\Gunz\ZSkyBox.cpp">
      <Filter>Source Files</Filter>
    </ClCompile>
    <ClCompile Include="C:\Users\unknown\source\repos\interlunar\source\src\Gunz\ZSoundEngine.cpp">
      <Filter>Source Files</Filter>
    </ClCompile>
    <ClCompile Include="C:\Users\unknown\source\repos\interlunar\source\src\Gunz\ZSoundFMod.cpp">
      <Filter>Source Files</Filter>
    </ClCompile>
    <ClCompile Include="C:\Users\unknown\source\repos\interlunar\source\src\Gunz\ZStageInfoBox.cpp">
      <Filter>Source Files</Filter>
    </ClCompile>
    <ClCompile Include="C:\Users\unknown\source\repos\interlunar\source\src\Gunz\ZStageInterface.cpp">
      <Filter>Source Files</Filter>
    </ClCompile>
    <ClCompile Include="C:\Users\unknown\source\repos\interlunar\source\src\Gunz\ZStageSetting.cpp">
      <Filter>Source Files</Filter>
    </ClCompile>
    <ClCompile Include="C:\Users\unknown\source\repos\interlunar\source\src\Gunz\ZStateMachine.cpp">
      <Filter>Source Files</Filter>
    </ClCompile>
    <ClCompile Include="C:\Users\unknown\source\repos\interlunar\source\src\Gunz\ZStencilLight.cpp">
      <Filter>Source Files</Filter>
    </ClCompile>
    <ClCompile Include="C:\Users\unknown\source\repos\interlunar\source\src\Gunz\ZStringResManager.cpp">
      <Filter>Source Files</Filter>
    </ClCompile>
    <ClCompile Include="C:\Users\unknown\source\repos\interlunar\source\src\Gunz\ZTask.cpp">
      <Filter>Source Files</Filter>
    </ClCompile>
    <ClCompile Include="C:\Users\unknown\source\repos\interlunar\source\src\Gunz\ZTaskManager.cpp">
      <Filter>Source Files</Filter>
    </ClCompile>
    <ClCompile Include="C:\Users\unknown\source\repos\interlunar\source\src\Gunz\ZTask_AttackMelee.cpp">
      <Filter>Source Files</Filter>
    </ClCompile>
    <ClCompile Include="C:\Users\unknown\source\repos\interlunar\source\src\Gunz\ZTask_AttackRange.cpp">
      <Filter>Source Files</Filter>
    </ClCompile>
    <ClCompile Include="C:\Users\unknown\source\repos\interlunar\source\src\Gunz\ZTask_Delay.cpp">
      <Filter>Source Files</Filter>
    </ClCompile>
    <ClCompile Include="C:\Users\unknown\source\repos\interlunar\source\src\Gunz\ZTask_MoveToPos.cpp">
      <Filter>Source Files</Filter>
    </ClCompile>
    <ClCompile Include="C:\Users\unknown\source\repos\interlunar\source\src\Gunz\ZTask_RotateToDir.cpp">
      <Filter>Source Files</Filter>
    </ClCompile>
    <ClCompile Include="C:\Users\unknown\source\repos\interlunar\source\src\Gunz\ZTask_Skill.cpp">
      <Filter>Source Files</Filter>
    </ClCompile>
    <ClCompile Include="C:\Users\unknown\source\repos\interlunar\source\src\Gunz\ZTestGame.cpp">
      <Filter>Source Files</Filter>
    </ClCompile>
    <ClCompile Include="C:\Users\unknown\source\repos\interlunar\source\src\Gunz\ZTimer.cpp">
      <Filter>Source Files</Filter>
    </ClCompile>
    <ClCompile Include="C:\Users\unknown\source\repos\interlunar\source\src\Gunz\ZTips.cpp">
      <Filter>Source Files</Filter>
    </ClCompile>
    <ClCompile Include="C:\Users\unknown\source\repos\interlunar\source\src\Gunz\ZToolTip.cpp">
      <Filter>Source Files</Filter>
    </ClCompile>
    <ClCompile Include="C:\Users\unknown\source\repos\interlunar\source\src\Gunz\ZUtil.cpp">
      <Filter>Source Files</Filter>
    </ClCompile>
    <ClCompile Include="C:\Users\unknown\source\repos\interlunar\source\src\Gunz\ZVoteInterface.cpp">
      <Filter>Source Files</Filter>
    </ClCompile>
    <ClCompile Include="C:\Users\unknown\source\repos\interlunar\source\src\Gunz\ZWater.cpp">
      <Filter>Source Files</Filter>
    </ClCompile>
    <ClCompile Include="C:\Users\unknown\source\repos\interlunar\source\src\Gunz\ZWeapon.cpp">
      <Filter>Source Files</Filter>
    </ClCompile>
    <ClCompile Include="C:\Users\unknown\source\repos\interlunar\source\src\Gunz\ZWeaponMgr.cpp">
      <Filter>Source Files</Filter>
    </ClCompile>
    <ClCompile Include="C:\Users\unknown\source\repos\interlunar\source\src\Gunz\ZWeaponScreenEffect.cpp">
      <Filter>Source Files</Filter>
    </ClCompile>
    <ClCompile Include="C:\Users\unknown\source\repos\interlunar\source\src\Gunz\ZWorld.cpp">
      <Filter>Source Files</Filter>
    </ClCompile>
    <ClCompile Include="C:\Users\unknown\source\repos\interlunar\source\src\Gunz\ZWorldItem.cpp">
      <Filter>Source Files</Filter>
    </ClCompile>
    <ClCompile Include="C:\Users\unknown\source\repos\interlunar\source\src\Gunz\ZWorldManager.cpp">
      <Filter>Source Files</Filter>
    </ClCompile>
    <ClCompile Include="C:\Users\unknown\source\repos\interlunar\source\src\Gunz\main.cpp">
      <Filter>Source Files</Filter>
    </ClCompile>
    <ClCompile Include="C:\Users\unknown\source\repos\interlunar\source\src\Gunz\stdafx.cpp">
      <Filter>Source Files</Filter>
    </ClCompile>
    <ClCompile Include="C:\Users\unknown\source\repos\interlunar\source\src\Gunz\upnp.cpp">
      <Filter>Source Files</Filter>
    </ClCompile>
  </ItemGroup>
  <ItemGroup>
    <ClInclude Include="C:\Users\unknown\source\repos\interlunar\source\src\Gunz\FunctionalListener.h">
      <Filter>Header Files</Filter>
    </ClInclude>
    <ClInclude Include="C:\Users\unknown\source\repos\interlunar\source\src\Gunz\Hitboxes.h">
      <Filter>Header Files</Filter>
    </ClInclude>
    <ClInclude Include="C:\Users\unknown\source\repos\interlunar\source\src\Gunz\MClient.h">
      <Filter>Header Files</Filter>
    </ClInclude>
    <ClInclude Include="C:\Users\unknown\source\repos\interlunar\source\src\Gunz\MCommandLogFrame.h">
      <Filter>Header Files</Filter>
    </ClInclude>
    <ClInclude Include="C:\Users\unknown\source\repos\interlunar\source\src\Gunz\MEmblemMgr.h">
      <Filter>Header Files</Filter>
    </ClInclude>
    <ClInclude Include="C:\Users\unknown\source\repos\interlunar\source\src\Gunz\MMatchClient.h">
      <Filter>Header Files</Filter>
    </ClInclude>
    <ClInclude Include="C:\Users\unknown\source\repos\interlunar\source\src\Gunz\MPartialBitmap.h">
      <Filter>Header Files</Filter>
    </ClInclude>
    <ClInclude Include="C:\Users\unknown\source\repos\interlunar\source\src\Gunz\MSysInfo.h">
      <Filter>Header Files</Filter>
    </ClInclude>
    <ClInclude Include="C:\Users\unknown\source\repos\interlunar\source\src\Gunz\Mint4Gunz.h">
      <Filter>Header Files</Filter>
    </ClInclude>
    <ClInclude Include="C:\Users\unknown\source\repos\interlunar\source\src\Gunz\Mint4R2.h">
      <Filter>Header Files</Filter>
    </ClInclude>
    <ClInclude Include="C:\Users\unknown\source\repos\interlunar\source\src\Gunz\NATUPnP.h">
      <Filter>Header Files</Filter>
    </ClInclude>
    <ClInclude Include="C:\Users\unknown\source\repos\interlunar\source\src\Gunz\NMCrypt.h">
      <Filter>Header Files</Filter>
    </ClInclude>
    <ClInclude Include="C:\Users\unknown\source\repos\interlunar\source\src\Gunz\NewChat.h">
      <Filter>Header Files</Filter>
    </ClInclude>
    <ClInclude Include="C:\Users\unknown\source\repos\interlunar\source\src\Gunz\Portal.h">
      <Filter>Header Files</Filter>
    </ClInclude>
    <ClInclude Include="C:\Users\unknown\source\repos\interlunar\source\src\Gunz\RGGlobal.h">
      <Filter>Header Files</Filter>
    </ClInclude>
    <ClInclude Include="C:\Users\unknown\source\repos\interlunar\source\src\Gunz\RGMain.h">
      <Filter>Header Files</Filter>
    </ClInclude>
    <ClInclude Include="C:\Users\unknown\source\repos\interlunar\source\src\Gunz\ReplayControl.h">
      <Filter>Header Files</Filter>
    </ClInclude>
    <ClInclude Include="C:\Users\unknown\source\repos\interlunar\source\src\Gunz\Tasks.h">
      <Filter>Header Files</Filter>
    </ClInclude>
    <ClInclude Include="C:\Users\unknown\source\repos\interlunar\source\src\Gunz\VersionNo.h">
      <Filter>Header Files</Filter>
    </ClInclude>
    <ClInclude Include="C:\Users\unknown\source\repos\interlunar\source\src\Gunz\VoiceChat.h">
      <Filter>Header Files</Filter>
    </ClInclude>
    <ClInclude Include="C:\Users\unknown\source\repos\interlunar\source\src\Gunz\ZAI_Base.h">
      <Filter>Header Files</Filter>
    </ClInclude>
    <ClInclude Include="C:\Users\unknown\source\repos\interlunar\source\src\Gunz\ZActionDef.h">
      <Filter>Header Files</Filter>
    </ClInclude>
    <ClInclude Include="C:\Users\unknown\source\repos\interlunar\source\src\Gunz\ZActionKey.h">
      <Filter>Header Files</Filter>
    </ClInclude>
    <ClInclude Include="C:\Users\unknown\source\repos\interlunar\source\src\Gunz\ZActor.h">
      <Filter>Header Files</Filter>
    </ClInclude>
    <ClInclude Include="C:\Users\unknown\source\repos\interlunar\source\src\Gunz\ZActorAnimation.h">
      <Filter>Header Files</Filter>
    </ClInclude>
    <ClInclude Include="C:\Users\unknown\source\repos\interlunar\source\src\Gunz\ZActorController.h">
      <Filter>Header Files</Filter>
    </ClInclude>
    <ClInclude Include="C:\Users\unknown\source\repos\interlunar\source\src\Gunz\ZActorSound.h">
      <Filter>Header Files</Filter>
    </ClInclude>
    <ClInclude Include="C:\Users\unknown\source\repos\interlunar\source\src\Gunz\ZApplication.h">
      <Filter>Header Files</Filter>
    </ClInclude>
    <ClInclude Include="C:\Users\unknown\source\repos\interlunar\source\src\Gunz\ZBehavior.h">
      <Filter>Header Files</Filter>
    </ClInclude>
    <ClInclude Include="C:\Users\unknown\source\repos\interlunar\source\src\Gunz\ZBehavior_Attack.h">
      <Filter>Header Files</Filter>
    </ClInclude>
    <ClInclude Include="C:\Users\unknown\source\repos\interlunar\source\src\Gunz\ZBehavior_Idle.h">
      <Filter>Header Files</Filter>
    </ClInclude>
    <ClInclude Include="C:\Users\unknown\source\repos\interlunar\source\src\Gunz\ZBehavior_Patrol.h">
      <Filter>Header Files</Filter>
    </ClInclude>
    <ClInclude Include="C:\Users\unknown\source\repos\interlunar\source\src\Gunz\ZBehavior_Script.h">
      <Filter>Header Files</Filter>
    </ClInclude>
    <ClInclude Include="C:\Users\unknown\source\repos\interlunar\source\src\Gunz\ZBirdDummyAI.h">
      <Filter>Header Files</Filter>
    </ClInclude>
    <ClInclude Include="C:\Users\unknown\source\repos\interlunar\source\src\Gunz\ZBirdDummyClient.h">
      <Filter>Header Files</Filter>
    </ClInclude>
    <ClInclude Include="C:\Users\unknown\source\repos\interlunar\source\src\Gunz\ZBmNumLabel.h">
      <Filter>Header Files</Filter>
    </ClInclude>
    <ClInclude Include="C:\Users\unknown\source\repos\interlunar\source\src\Gunz\ZBrain.h">
      <Filter>Header Files</Filter>
    </ClInclude>
    <ClInclude Include="C:\Users\unknown\source\repos\interlunar\source\src\Gunz\ZButton.h">
      <Filter>Header Files</Filter>
    </ClInclude>
    <ClInclude Include="C:\Users\unknown\source\repos\interlunar\source\src\Gunz\ZCamera.h">
      <Filter>Header Files</Filter>
    </ClInclude>
    <ClInclude Include="C:\Users\unknown\source\repos\interlunar\source\src\Gunz\ZCanvas.h">
      <Filter>Header Files</Filter>
    </ClInclude>
    <ClInclude Include="C:\Users\unknown\source\repos\interlunar\source\src\Gunz\ZChannelListItem.h">
      <Filter>Header Files</Filter>
    </ClInclude>
    <ClInclude Include="C:\Users\unknown\source\repos\interlunar\source\src\Gunz\ZChannelRule.h">
      <Filter>Header Files</Filter>
    </ClInclude>
    <ClInclude Include="C:\Users\unknown\source\repos\interlunar\source\src\Gunz\ZCharacter.h">
      <Filter>Header Files</Filter>
    </ClInclude>
    <ClInclude Include="C:\Users\unknown\source\repos\interlunar\source\src\Gunz\ZCharacterItem.h">
      <Filter>Header Files</Filter>
    </ClInclude>
    <ClInclude Include="C:\Users\unknown\source\repos\interlunar\source\src\Gunz\ZCharacterManager.h">
      <Filter>Header Files</Filter>
    </ClInclude>
    <ClInclude Include="C:\Users\unknown\source\repos\interlunar\source\src\Gunz\ZCharacterObject.h">
      <Filter>Header Files</Filter>
    </ClInclude>
    <ClInclude Include="C:\Users\unknown\source\repos\interlunar\source\src\Gunz\ZCharacterSelectView.h">
      <Filter>Header Files</Filter>
    </ClInclude>
    <ClInclude Include="C:\Users\unknown\source\repos\interlunar\source\src\Gunz\ZCharacterStructs.h">
      <Filter>Header Files</Filter>
    </ClInclude>
    <ClInclude Include="C:\Users\unknown\source\repos\interlunar\source\src\Gunz\ZCharacterView.h">
      <Filter>Header Files</Filter>
    </ClInclude>
    <ClInclude Include="C:\Users\unknown\source\repos\interlunar\source\src\Gunz\ZCharacterViewList.h">
      <Filter>Header Files</Filter>
    </ClInclude>
    <ClInclude Include="C:\Users\unknown\source\repos\interlunar\source\src\Gunz\ZChat.h">
      <Filter>Header Files</Filter>
    </ClInclude>
    <ClInclude Include="C:\Users\unknown\source\repos\interlunar\source\src\Gunz\ZChatCmd.h">
      <Filter>Header Files</Filter>
    </ClInclude>
    <ClInclude Include="C:\Users\unknown\source\repos\interlunar\source\src\Gunz\ZChat_CmdID.h">
      <Filter>Header Files</Filter>
    </ClInclude>
    <ClInclude Include="C:\Users\unknown\source\repos\interlunar\source\src\Gunz\ZClan.h">
      <Filter>Header Files</Filter>
    </ClInclude>
    <ClInclude Include="C:\Users\unknown\source\repos\interlunar\source\src\Gunz\ZClanListBox.h">
      <Filter>Header Files</Filter>
    </ClInclude>
    <ClInclude Include="C:\Users\unknown\source\repos\interlunar\source\src\Gunz\ZClothEmblem.h">
      <Filter>Header Files</Filter>
    </ClInclude>
    <ClInclude Include="C:\Users\unknown\source\repos\interlunar\source\src\Gunz\ZColorTable.h">
      <Filter>Header Files</Filter>
    </ClInclude>
    <ClInclude Include="C:\Users\unknown\source\repos\interlunar\source\src\Gunz\ZCombatChat.h">
      <Filter>Header Files</Filter>
    </ClInclude>
    <ClInclude Include="C:\Users\unknown\source\repos\interlunar\source\src\Gunz\ZCombatInterface.h">
      <Filter>Header Files</Filter>
    </ClInclude>
    <ClInclude Include="C:\Users\unknown\source\repos\interlunar\source\src\Gunz\ZCombatMenu.h">
      <Filter>Header Files</Filter>
    </ClInclude>
    <ClInclude Include="C:\Users\unknown\source\repos\interlunar\source\src\Gunz\ZCombatQuestScreen.h">
      <Filter>Header Files</Filter>
    </ClInclude>
    <ClInclude Include="C:\Users\unknown\source\repos\interlunar\source\src\Gunz\ZCommandTable.h">
      <Filter>Header Files</Filter>
    </ClInclude>
    <ClInclude Include="C:\Users\unknown\source\repos\interlunar\source\src\Gunz\ZConfiguration.h">
      <Filter>Header Files</Filter>
    </ClInclude>
    <ClInclude Include="C:\Users\unknown\source\repos\interlunar\source\src\Gunz\ZConsole.h">
      <Filter>Header Files</Filter>
    </ClInclude>
    <ClInclude Include="C:\Users\unknown\source\repos\interlunar\source\src\Gunz\ZCountDown.h">
      <Filter>Header Files</Filter>
    </ClInclude>
    <ClInclude Include="C:\Users\unknown\source\repos\interlunar\source\src\Gunz\ZCrossHair.h">
      <Filter>Header Files</Filter>
    </ClInclude>
    <ClInclude Include="C:\Users\unknown\source\repos\interlunar\source\src\Gunz\ZDirectInput.h">
      <Filter>Header Files</Filter>
    </ClInclude>
    <ClInclude Include="C:\Users\unknown\source\repos\interlunar\source\src\Gunz\ZEffectAniMesh.h">
      <Filter>Header Files</Filter>
    </ClInclude>
    <ClInclude Include="C:\Users\unknown\source\repos\interlunar\source\src\Gunz\ZEffectBase.h">
      <Filter>Header Files</Filter>
    </ClInclude>
    <ClInclude Include="C:\Users\unknown\source\repos\interlunar\source\src\Gunz\ZEffectBillboard.h">
      <Filter>Header Files</Filter>
    </ClInclude>
    <ClInclude Include="C:\Users\unknown\source\repos\interlunar\source\src\Gunz\ZEffectBillboardList.h">
      <Filter>Header Files</Filter>
    </ClInclude>
    <ClInclude Include="C:\Users\unknown\source\repos\interlunar\source\src\Gunz\ZEffectBulletMark.h">
      <Filter>Header Files</Filter>
    </ClInclude>
    <ClInclude Include="C:\Users\unknown\source\repos\interlunar\source\src\Gunz\ZEffectBulletMarkList.h">
      <Filter>Header Files</Filter>
    </ClInclude>
    <ClInclude Include="C:\Users\unknown\source\repos\interlunar\source\src\Gunz\ZEffectFlashBang.h">
      <Filter>Header Files</Filter>
    </ClInclude>
    <ClInclude Include="C:\Users\unknown\source\repos\interlunar\source\src\Gunz\ZEffectLightFragment.h">
      <Filter>Header Files</Filter>
    </ClInclude>
    <ClInclude Include="C:\Users\unknown\source\repos\interlunar\source\src\Gunz\ZEffectLightFragmentList.h">
      <Filter>Header Files</Filter>
    </ClInclude>
    <ClInclude Include="C:\Users\unknown\source\repos\interlunar\source\src\Gunz\ZEffectLightTracer.h">
      <Filter>Header Files</Filter>
    </ClInclude>
    <ClInclude Include="C:\Users\unknown\source\repos\interlunar\source\src\Gunz\ZEffectManager.h">
      <Filter>Header Files</Filter>
    </ClInclude>
    <ClInclude Include="C:\Users\unknown\source\repos\interlunar\source\src\Gunz\ZEffectSmoke.h">
      <Filter>Header Files</Filter>
    </ClInclude>
    <ClInclude Include="C:\Users\unknown\source\repos\interlunar\source\src\Gunz\ZEffectStaticMesh.h">
      <Filter>Header Files</Filter>
    </ClInclude>
    <ClInclude Include="C:\Users\unknown\source\repos\interlunar\source\src\Gunz\ZEmblemInterface.h">
      <Filter>Header Files</Filter>
    </ClInclude>
    <ClInclude Include="C:\Users\unknown\source\repos\interlunar\source\src\Gunz\ZEnemy.h">
      <Filter>Header Files</Filter>
    </ClInclude>
    <ClInclude Include="C:\Users\unknown\source\repos\interlunar\source\src\Gunz\ZEnvObject.h">
      <Filter>Header Files</Filter>
    </ClInclude>
    <ClInclude Include="C:\Users\unknown\source\repos\interlunar\source\src\Gunz\ZEquipmentListBox.h">
      <Filter>Header Files</Filter>
    </ClInclude>
    <ClInclude Include="C:\Users\unknown\source\repos\interlunar\source\src\Gunz\ZFile.h">
      <Filter>Header Files</Filter>
    </ClInclude>
    <ClInclude Include="C:\Users\unknown\source\repos\interlunar\source\src\Gunz\ZFilePath.h">
      <Filter>Header Files</Filter>
    </ClInclude>
    <ClInclude Include="C:\Users\unknown\source\repos\interlunar\source\src\Gunz\ZFrame.h">
      <Filter>Header Files</Filter>
    </ClInclude>
    <ClInclude Include="C:\Users\unknown\source\repos\interlunar\source\src\Gunz\ZGame.h">
      <Filter>Header Files</Filter>
    </ClInclude>
    <ClInclude Include="C:\Users\unknown\source\repos\interlunar\source\src\Gunz\ZGameAction.h">
      <Filter>Header Files</Filter>
    </ClInclude>
    <ClInclude Include="C:\Users\unknown\source\repos\interlunar\source\src\Gunz\ZGameClient.h">
      <Filter>Header Files</Filter>
    </ClInclude>
    <ClInclude Include="C:\Users\unknown\source\repos\interlunar\source\src\Gunz\ZGameConst.h">
      <Filter>Header Files</Filter>
    </ClInclude>
    <ClInclude Include="C:\Users\unknown\source\repos\interlunar\source\src\Gunz\ZGameDraw.h">
      <Filter>Header Files</Filter>
    </ClInclude>
    <ClInclude Include="C:\Users\unknown\source\repos\interlunar\source\src\Gunz\ZGameDrawD3D9.h">
      <Filter>Header Files</Filter>
    </ClInclude>
    <ClInclude Include="C:\Users\unknown\source\repos\interlunar\source\src\Gunz\ZGameDrawVulkan.h">
      <Filter>Header Files</Filter>
    </ClInclude>
    <ClInclude Include="C:\Users\unknown\source\repos\interlunar\source\src\Gunz\ZGameInput.h">
      <Filter>Header Files</Filter>
    </ClInclude>
    <ClInclude Include="C:\Users\unknown\source\repos\interlunar\source\src\Gunz\ZGameInterface.h">
      <Filter>Header Files</Filter>
    </ClInclude>
    <ClInclude Include="C:\Users\unknown\source\repos\interlunar\source\src\Gunz\ZGameTimer.h">
      <Filter>Header Files</Filter>
    </ClInclude>
    <ClInclude Include="C:\Users\unknown\source\repos\interlunar\source\src\Gunz\ZGameType.h">
      <Filter>Header Files</Filter>
    </ClInclude>
    <ClInclude Include="C:\Users\unknown\source\repos\interlunar\source\src\Gunz\ZGameTypeList.h">
      <Filter>Header Files</Filter>
    </ClInclude>
    <ClInclude Include="C:\Users\unknown\source\repos\interlunar\source\src\Gunz\ZGlobal.h">
      <Filter>Header Files</Filter>
    </ClInclude>
    <ClInclude Include="C:\Users\unknown\source\repos\interlunar\source\src\Gunz\ZHelpScreen.h">
      <Filter>Header Files</Filter>
    </ClInclude>
    <ClInclude Include="C:\Users\unknown\source\repos\interlunar\source\src\Gunz\ZIDLResource.h">
      <Filter>Header Files</Filter>
    </ClInclude>
    <ClInclude Include="C:\Users\unknown\source\repos\interlunar\source\src\Gunz\ZInitialLoading.h">
      <Filter>Header Files</Filter>
    </ClInclude>
    <ClInclude Include="C:\Users\unknown\source\repos\interlunar\source\src\Gunz\ZInput.h">
      <Filter>Header Files</Filter>
    </ClInclude>
    <ClInclude Include="C:\Users\unknown\source\repos\interlunar\source\src\Gunz\ZInterface.h">
      <Filter>Header Files</Filter>
    </ClInclude>
    <ClInclude Include="C:\Users\unknown\source\repos\interlunar\source\src\Gunz\ZInterfaceBackground.h">
      <Filter>Header Files</Filter>
    </ClInclude>
    <ClInclude Include="C:\Users\unknown\source\repos\interlunar\source\src\Gunz\ZInterfaceItem.h">
      <Filter>Header Files</Filter>
    </ClInclude>
    <ClInclude Include="C:\Users\unknown\source\repos\interlunar\source\src\Gunz\ZInterfaceListener.h">
      <Filter>Header Files</Filter>
    </ClInclude>
    <ClInclude Include="C:\Users\unknown\source\repos\interlunar\source\src\Gunz\ZItem.h">
      <Filter>Header Files</Filter>
    </ClInclude>
    <ClInclude Include="C:\Users\unknown\source\repos\interlunar\source\src\Gunz\ZItemDesc.h">
      <Filter>Header Files</Filter>
    </ClInclude>
    <ClInclude Include="C:\Users\unknown\source\repos\interlunar\source\src\Gunz\ZItemMenu.h">
      <Filter>Header Files</Filter>
    </ClInclude>
    <ClInclude Include="C:\Users\unknown\source\repos\interlunar\source\src\Gunz\ZItemSlotView.h">
      <Filter>Header Files</Filter>
    </ClInclude>
    <ClInclude Include="C:\Users\unknown\source\repos\interlunar\source\src\Gunz\ZLoading.h">
      <Filter>Header Files</Filter>
    </ClInclude>
    <ClInclude Include="C:\Users\unknown\source\repos\interlunar\source\src\Gunz\ZLocatorList.h">
      <Filter>Header Files</Filter>
    </ClInclude>
    <ClInclude Include="C:\Users\unknown\source\repos\interlunar\source\src\Gunz\ZMap.h">
      <Filter>Header Files</Filter>
    </ClInclude>
    <ClInclude Include="C:\Users\unknown\source\repos\interlunar\source\src\Gunz\ZMapDesc.h">
      <Filter>Header Files</Filter>
    </ClInclude>
    <ClInclude Include="C:\Users\unknown\source\repos\interlunar\source\src\Gunz\ZMapListBox.h">
      <Filter>Header Files</Filter>
    </ClInclude>
    <ClInclude Include="C:\Users\unknown\source\repos\interlunar\source\src\Gunz\ZMatch.h">
      <Filter>Header Files</Filter>
    </ClInclude>
    <ClInclude Include="C:\Users\unknown\source\repos\interlunar\source\src\Gunz\ZMeshView.h">
      <Filter>Header Files</Filter>
    </ClInclude>
    <ClInclude Include="C:\Users\unknown\source\repos\interlunar\source\src\Gunz\ZMeshViewList.h">
      <Filter>Header Files</Filter>
    </ClInclude>
    <ClInclude Include="C:\Users\unknown\source\repos\interlunar\source\src\Gunz\ZMessageManager.h">
      <Filter>Header Files</Filter>
    </ClInclude>
    <ClInclude Include="C:\Users\unknown\source\repos\interlunar\source\src\Gunz\ZMessages.h">
      <Filter>Header Files</Filter>
    </ClInclude>
    <ClInclude Include="C:\Users\unknown\source\repos\interlunar\source\src\Gunz\ZMiniMap.h">
      <Filter>Header Files</Filter>
    </ClInclude>
    <ClInclude Include="C:\Users\unknown\source\repos\interlunar\source\src\Gunz\ZModule.h">
      <Filter>Header Files</Filter>
    </ClInclude>
    <ClInclude Include="C:\Users\unknown\source\repos\interlunar\source\src\Gunz\ZModuleID.h">
      <Filter>Header Files</Filter>
    </ClInclude>
    <ClInclude Include="C:\Users\unknown\source\repos\interlunar\source\src\Gunz\ZModule_ElementalDamage.h">
      <Filter>Header Files</Filter>
    </ClInclude>
    <ClInclude Include="C:\Users\unknown\source\repos\interlunar\source\src\Gunz\ZModule_HPAP.h">
      <Filter>Header Files</Filter>
    </ClInclude>
    <ClInclude Include="C:\Users\unknown\source\repos\interlunar\source\src\Gunz\ZModule_Movable.h">
      <Filter>Header Files</Filter>
    </ClInclude>
    <ClInclude Include="C:\Users\unknown\source\repos\interlunar\source\src\Gunz\ZModule_QuestStatus.h">
      <Filter>Header Files</Filter>
    </ClInclude>
    <ClInclude Include="C:\Users\unknown\source\repos\interlunar\source\src\Gunz\ZModule_Resistance.h">
      <Filter>Header Files</Filter>
    </ClInclude>
    <ClInclude Include="C:\Users\unknown\source\repos\interlunar\source\src\Gunz\ZModule_Skills.h">
      <Filter>Header Files</Filter>
    </ClInclude>
    <ClInclude Include="C:\Users\unknown\source\repos\interlunar\source\src\Gunz\ZMonsterBookInterface.h">
      <Filter>Header Files</Filter>
    </ClInclude>
    <ClInclude Include="C:\Users\unknown\source\repos\interlunar\source\src\Gunz\ZMsgBox.h">
      <Filter>Header Files</Filter>
    </ClInclude>
    <ClInclude Include="C:\Users\unknown\source\repos\interlunar\source\src\Gunz\ZMyBotCharacter.h">
      <Filter>Header Files</Filter>
    </ClInclude>
    <ClInclude Include="C:\Users\unknown\source\repos\interlunar\source\src\Gunz\ZMyCharacter.h">
      <Filter>Header Files</Filter>
    </ClInclude>
    <ClInclude Include="C:\Users\unknown\source\repos\interlunar\source\src\Gunz\ZMyInfo.h">
      <Filter>Header Files</Filter>
    </ClInclude>
    <ClInclude Include="C:\Users\unknown\source\repos\interlunar\source\src\Gunz\ZMyItemList.h">
      <Filter>Header Files</Filter>
    </ClInclude>
    <ClInclude Include="C:\Users\unknown\source\repos\interlunar\source\src\Gunz\ZNetAgreementBuilder.h">
      <Filter>Header Files</Filter>
    </ClInclude>
    <ClInclude Include="C:\Users\unknown\source\repos\interlunar\source\src\Gunz\ZNetCharacter.h">
      <Filter>Header Files</Filter>
    </ClInclude>
    <ClInclude Include="C:\Users\unknown\source\repos\interlunar\source\src\Gunz\ZNetRepository.h">
      <Filter>Header Files</Filter>
    </ClInclude>
    <ClInclude Include="C:\Users\unknown\source\repos\interlunar\source\src\Gunz\ZObject.h">
      <Filter>Header Files</Filter>
    </ClInclude>
    <ClInclude Include="C:\Users\unknown\source\repos\interlunar\source\src\Gunz\ZObjectManager.h">
      <Filter>Header Files</Filter>
    </ClInclude>
    <ClInclude Include="C:\Users\unknown\source\repos\interlunar\source\src\Gunz\ZObserver.h">
      <Filter>Header Files</Filter>
    </ClInclude>
    <ClInclude Include="C:\Users\unknown\source\repos\interlunar\source\src\Gunz\ZOptionInterface.h">
      <Filter>Header Files</Filter>
    </ClInclude>
    <ClInclude Include="C:\Users\unknown\source\repos\interlunar\source\src\Gunz\ZPickInfo.h">
      <Filter>Header Files</Filter>
    </ClInclude>
    <ClInclude Include="C:\Users\unknown\source\repos\interlunar\source\src\Gunz\ZPlayerList.h">
      <Filter>Header Files</Filter>
    </ClInclude>
    <ClInclude Include="C:\Users\unknown\source\repos\interlunar\source\src\Gunz\ZPlayerListBox.h">
      <Filter>Header Files</Filter>
    </ClInclude>
    <ClInclude Include="C:\Users\unknown\source\repos\interlunar\source\src\Gunz\ZPlayerMenu.h">
      <Filter>Header Files</Filter>
    </ClInclude>
    <ClInclude Include="C:\Users\unknown\source\repos\interlunar\source\src\Gunz\ZPlayerSelectListBox.h">
      <Filter>Header Files</Filter>
    </ClInclude>
    <ClInclude Include="C:\Users\unknown\source\repos\interlunar\source\src\Gunz\ZPost.h">
      <Filter>Header Files</Filter>
    </ClInclude>
    <ClInclude Include="C:\Users\unknown\source\repos\interlunar\source\src\Gunz\ZPostLocal.h">
      <Filter>Header Files</Filter>
    </ClInclude>
    <ClInclude Include="C:\Users\unknown\source\repos\interlunar\source\src\Gunz\ZPrerequisites.h">
      <Filter>Header Files</Filter>
    </ClInclude>
    <ClInclude Include="C:\Users\unknown\source\repos\interlunar\source\src\Gunz\ZProfiler.h">
      <Filter>Header Files</Filter>
    </ClInclude>
    <ClInclude Include="C:\Users\unknown\source\repos\interlunar\source\src\Gunz\ZQuest.h">
      <Filter>Header Files</Filter>
    </ClInclude>
    <ClInclude Include="C:\Users\unknown\source\repos\interlunar\source\src\Gunz\ZQuestGameInfo.h">
      <Filter>Header Files</Filter>
    </ClInclude>
    <ClInclude Include="C:\Users\unknown\source\repos\interlunar\source\src\Gunz\ZQuestMap.h">
      <Filter>Header Files</Filter>
    </ClInclude>
    <ClInclude Include="C:\Users\unknown\source\repos\interlunar\source\src\Gunz\ZRadar.h">
      <Filter>Header Files</Filter>
    </ClInclude>
    <ClInclude Include="C:\Users\unknown\source\repos\interlunar\source\src\Gunz\ZRangeWeaponHitDice.h">
      <Filter>Header Files</Filter>
    </ClInclude>
    <ClInclude Include="C:\Users\unknown\source\repos\interlunar\source\src\Gunz\ZReplay.h">
      <Filter>Header Files</Filter>
    </ClInclude>
    <ClInclude Include="C:\Users\unknown\source\repos\interlunar\source\src\Gunz\ZReplayStructs.h">
      <Filter>Header Files</Filter>
    </ClInclude>
    <ClInclude Include="C:\Users\unknown\source\repos\interlunar\source\src\Gunz\ZReplayWrite.h">
      <Filter>Header Files</Filter>
    </ClInclude>
    <ClInclude Include="C:\Users\unknown\source\repos\interlunar\source\src\Gunz\ZReportAbuse.h">
      <Filter>Header Files</Filter>
    </ClInclude>
    <ClInclude Include="C:\Users\unknown\source\repos\interlunar\source\src\Gunz\ZRoomListBox.h">
      <Filter>Header Files</Filter>
    </ClInclude>
    <ClInclude Include="C:\Users\unknown\source\repos\interlunar\source\src\Gunz\ZRule.h">
      <Filter>Header Files</Filter>
    </ClInclude>
    <ClInclude Include="C:\Users\unknown\source\repos\interlunar\source\src\Gunz\ZRuleAssassinate.h">
      <Filter>Header Files</Filter>
    </ClInclude>
    <ClInclude Include="C:\Users\unknown\source\repos\interlunar\source\src\Gunz\ZRuleBaseQuest.h">
      <Filter>Header Files</Filter>
    </ClInclude>
    <ClInclude Include="C:\Users\unknown\source\repos\interlunar\source\src\Gunz\ZRuleBerserker.h">
      <Filter>Header Files</Filter>
    </ClInclude>
    <ClInclude Include="C:\Users\unknown\source\repos\interlunar\source\src\Gunz\ZRuleDeathMatch.h">
      <Filter>Header Files</Filter>
    </ClInclude>
    <ClInclude Include="C:\Users\unknown\source\repos\interlunar\source\src\Gunz\ZRuleDuel.h">
      <Filter>Header Files</Filter>
    </ClInclude>
    <ClInclude Include="C:\Users\unknown\source\repos\interlunar\source\src\Gunz\ZRuleGladiator.h">
      <Filter>Header Files</Filter>
    </ClInclude>
    <ClInclude Include="C:\Users\unknown\source\repos\interlunar\source\src\Gunz\ZRuleGunGame.h">
      <Filter>Header Files</Filter>
    </ClInclude>
    <ClInclude Include="C:\Users\unknown\source\repos\interlunar\source\src\Gunz\ZRuleQuest.h">
      <Filter>Header Files</Filter>
    </ClInclude>
    <ClInclude Include="C:\Users\unknown\source\repos\interlunar\source\src\Gunz\ZRuleSkillmap.h">
      <Filter>Header Files</Filter>
    </ClInclude>
    <ClInclude Include="C:\Users\unknown\source\repos\interlunar\source\src\Gunz\ZRuleSurvival.h">
      <Filter>Header Files</Filter>
    </ClInclude>
    <ClInclude Include="C:\Users\unknown\source\repos\interlunar\source\src\Gunz\ZRuleTraining.h">
      <Filter>Header Files</Filter>
    </ClInclude>
    <ClInclude Include="C:\Users\unknown\source\repos\interlunar\source\src\Gunz\ZScoreListBox.h">
      <Filter>Header Files</Filter>
    </ClInclude>
    <ClInclude Include="C:\Users\unknown\source\repos\interlunar\source\src\Gunz\ZScreenDebugger.h">
      <Filter>Header Files</Filter>
    </ClInclude>
    <ClInclude Include="C:\Users\unknown\source\repos\interlunar\source\src\Gunz\ZScreenEffectManager.h">
      <Filter>Header Files</Filter>
    </ClInclude>
    <ClInclude Include="C:\Users\unknown\source\repos\interlunar\source\src\Gunz\ZSecurity.h">
      <Filter>Header Files</Filter>
    </ClInclude>
    <ClInclude Include="C:\Users\unknown\source\repos\interlunar\source\src\Gunz\ZServerView.h">
      <Filter>Header Files</Filter>
    </ClInclude>
    <ClInclude Include="C:\Users\unknown\source\repos\interlunar\source\src\Gunz\ZShadow.h">
      <Filter>Header Files</Filter>
    </ClInclude>
    <ClInclude Include="C:\Users\unknown\source\repos\interlunar\source\src\Gunz\ZShop.h">
      <Filter>Header Files</Filter>
    </ClInclude>
    <ClInclude Include="C:\Users\unknown\source\repos\interlunar\source\src\Gunz\ZSkill.h">
      <Filter>Header Files</Filter>
    </ClInclude>
    <ClInclude Include="C:\Users\unknown\source\repos\interlunar\source\src\Gunz\ZSkyBox.h">
      <Filter>Header Files</Filter>
    </ClInclude>
    <ClInclude Include="C:\Users\unknown\source\repos\interlunar\source\src\Gunz\ZSoundEngine.h">
      <Filter>Header Files</Filter>
    </ClInclude>
    <ClInclude Include="C:\Users\unknown\source\repos\interlunar\source\src\Gunz\ZSoundFMod.h">
      <Filter>Header Files</Filter>
    </ClInclude>
    <ClInclude Include="C:\Users\unknown\source\repos\interlunar\source\src\Gunz\ZStageInfoBox.h">
      <Filter>Header Files</Filter>
    </ClInclude>
    <ClInclude Include="C:\Users\unknown\source\repos\interlunar\source\src\Gunz\ZStageInterface.h">
      <Filter>Header Files</Filter>
    </ClInclude>
    <ClInclude Include="C:\Users\unknown\source\repos\interlunar\source\src\Gunz\ZStageSetting.h">
      <Filter>Header Files</Filter>
    </ClInclude>
    <ClInclude Include="C:\Users\unknown\source\repos\interlunar\source\src\Gunz\ZStateMachine.h">
      <Filter>Header Files</Filter>
    </ClInclude>
    <ClInclude Include="C:\Users\unknown\source\repos\interlunar\source\src\Gunz\ZStencilLight.h">
      <Filter>Header Files</Filter>
    </ClInclude>
    <ClInclude Include="C:\Users\unknown\source\repos\interlunar\source\src\Gunz\ZStringResManager.h">
      <Filter>Header Files</Filter>
    </ClInclude>
    <ClInclude Include="C:\Users\unknown\source\repos\interlunar\source\src\Gunz\ZTask.h">
      <Filter>Header Files</Filter>
    </ClInclude>
    <ClInclude Include="C:\Users\unknown\source\repos\interlunar\source\src\Gunz\ZTaskBase_Attack.h">
      <Filter>Header Files</Filter>
    </ClInclude>
    <ClInclude Include="C:\Users\unknown\source\repos\interlunar\source\src\Gunz\ZTaskID.h">
      <Filter>Header Files</Filter>
    </ClInclude>
    <ClInclude Include="C:\Users\unknown\source\repos\interlunar\source\src\Gunz\ZTaskManager.h">
      <Filter>Header Files</Filter>
    </ClInclude>
    <ClInclude Include="C:\Users\unknown\source\repos\interlunar\source\src\Gunz\ZTask_AttackMelee.h">
      <Filter>Header Files</Filter>
    </ClInclude>
    <ClInclude Include="C:\Users\unknown\source\repos\interlunar\source\src\Gunz\ZTask_AttackRange.h">
      <Filter>Header Files</Filter>
    </ClInclude>
    <ClInclude Include="C:\Users\unknown\source\repos\interlunar\source\src\Gunz\ZTask_Delay.h">
      <Filter>Header Files</Filter>
    </ClInclude>
    <ClInclude Include="C:\Users\unknown\source\repos\interlunar\source\src\Gunz\ZTask_MoveToPos.h">
      <Filter>Header Files</Filter>
    </ClInclude>
    <ClInclude Include="C:\Users\unknown\source\repos\interlunar\source\src\Gunz\ZTask_RotateToDir.h">
      <Filter>Header Files</Filter>
    </ClInclude>
    <ClInclude Include="C:\Users\unknown\source\repos\interlunar\source\src\Gunz\ZTask_Skill.h">
      <Filter>Header Files</Filter>
    </ClInclude>
    <ClInclude Include="C:\Users\unknown\source\repos\interlunar\source\src\Gunz\ZTestGame.h">
      <Filter>Header Files</Filter>
    </ClInclude>
    <ClInclude Include="C:\Users\unknown\source\repos\interlunar\source\src\Gunz\ZTimer.h">
      <Filter>Header Files</Filter>
    </ClInclude>
    <ClInclude Include="C:\Users\unknown\source\repos\interlunar\source\src\Gunz\ZTips.h">
      <Filter>Header Files</Filter>
    </ClInclude>
    <ClInclude Include="C:\Users\unknown\source\repos\interlunar\source\src\Gunz\ZToolTip.h">
      <Filter>Header Files</Filter>
    </ClInclude>
    <ClInclude Include="C:\Users\unknown\source\repos\interlunar\source\src\Gunz\ZUtil.h">
      <Filter>Header Files</Filter>
    </ClInclude>
    <ClInclude Include="C:\Users\unknown\source\repos\interlunar\source\src\Gunz\ZVoteInterface.h">
      <Filter>Header Files</Filter>
    </ClInclude>
    <ClInclude Include="C:\Users\unknown\source\repos\interlunar\source\src\Gunz\ZWater.h">
      <Filter>Header Files</Filter>
    </ClInclude>
    <ClInclude Include="C:\Users\unknown\source\repos\interlunar\source\src\Gunz\ZWeapon.h">
      <Filter>Header Files</Filter>
    </ClInclude>
    <ClInclude Include="C:\Users\unknown\source\repos\interlunar\source\src\Gunz\ZWeaponMgr.h">
      <Filter>Header Files</Filter>
    </ClInclude>
    <ClInclude Include="C:\Users\unknown\source\repos\interlunar\source\src\Gunz\ZWeaponScreenEffect.h">
      <Filter>Header Files</Filter>
    </ClInclude>
    <ClInclude Include="C:\Users\unknown\source\repos\interlunar\source\src\Gunz\ZWorld.h">
      <Filter>Header Files</Filter>
    </ClInclude>
    <ClInclude Include="C:\Users\unknown\source\repos\interlunar\source\src\Gunz\ZWorldItem.h">
      <Filter>Header Files</Filter>
    </ClInclude>
    <ClInclude Include="C:\Users\unknown\source\repos\interlunar\source\src\Gunz\ZWorldManager.h">
      <Filter>Header Files</Filter>
    </ClInclude>
    <ClInclude Include="C:\Users\unknown\source\repos\interlunar\source\src\Gunz\fmod.h">
      <Filter>Header Files</Filter>
    </ClInclude>
    <ClInclude Include="C:\Users\unknown\source\repos\interlunar\source\src\Gunz\fmod_errors.h">
      <Filter>Header Files</Filter>
    </ClInclude>
    <ClInclude Include="C:\Users\unknown\source\repos\interlunar\source\src\Gunz\resource.h">
      <Filter>Header Files</Filter>
    </ClInclude>
    <ClInclude Include="C:\Users\unknown\source\repos\interlunar\source\src\Gunz\resource1.h">
      <Filter>Header Files</Filter>
    </ClInclude>
    <ClInclude Include="C:\Users\unknown\source\repos\interlunar\source\src\Gunz\resource2.h">
      <Filter>Header Files</Filter>
    </ClInclude>
    <ClInclude Include="C:\Users\unknown\source\repos\interlunar\source\src\Gunz\stdafx.h">
      <Filter>Header Files</Filter>
    </ClInclude>
    <ClInclude Include="C:\Users\unknown\source\repos\interlunar\source\src\Gunz\upnp.h">
      <Filter>Header Files</Filter>
    </ClInclude>
  </ItemGroup>
  <ItemGroup>
    <CustomBuild Include="C:\Users\unknown\source\repos\interlunar\source\src\Gunz\CMakeLists.txt" />
  </ItemGroup>
  <ItemGroup>
    <Filter Include="Header Files">
      <UniqueIdentifier>{338F6DEC-C651-36F5-B56C-6888F38DCAA2}</UniqueIdentifier>
    </Filter>
    <Filter Include="Source Files">
      <UniqueIdentifier>{C0EF28A1-DDBC-3A41-B1B9-C3DED58692F5}</UniqueIdentifier>
    </Filter>
  </ItemGroup>
</Project>
